// !$*UTF8*$!
{
	archiveVersion = 1;
	classes = {
	};
	objectVersion = 50;
	objects = {

/* Begin PBXBuildFile section */
		1043701EF07ECBE676EA636B /* Pods_SuperheroesTests.framework in Frameworks */ = {isa = PBXBuildFile; fileRef = 77D23831B61154455F1AF9B1 /* Pods_SuperheroesTests.framework */; };
		8B00E16F222FEEE600FFF32E /* ComicDetailViewController.swift in Sources */ = {isa = PBXBuildFile; fileRef = 8B00E16E222FEEE600FFF32E /* ComicDetailViewController.swift */; };
		8B00E173222FF9B500FFF32E /* spectacularSpiderman.jpg in Resources */ = {isa = PBXBuildFile; fileRef = 8B00E172222FF9B500FFF32E /* spectacularSpiderman.jpg */; };
		8B00E175222FF9BA00FFF32E /* ultimateSpiderman.jpeg in Resources */ = {isa = PBXBuildFile; fileRef = 8B00E174222FF9BA00FFF32E /* ultimateSpiderman.jpeg */; };
		8B00E177222FF9BF00FFF32E /* unlimitedSpiderman.jpg in Resources */ = {isa = PBXBuildFile; fileRef = 8B00E176222FF9BF00FFF32E /* unlimitedSpiderman.jpg */; };
		8B00E179222FF9C400FFF32E /* amazingSpiderman.jpg in Resources */ = {isa = PBXBuildFile; fileRef = 8B00E178222FF9C400FFF32E /* amazingSpiderman.jpg */; };
		8B0DE102223C4BCD00FE42EB /* Model.xcdatamodeld in Sources */ = {isa = PBXBuildFile; fileRef = 8B0DE100223C4BCD00FE42EB /* Model.xcdatamodeld */; };
		8B11179F2238259000B8BFDE /* ComicStoryboard.storyboard in Resources */ = {isa = PBXBuildFile; fileRef = 8B11179D2238259000B8BFDE /* ComicStoryboard.storyboard */; };
		8B1117A4223828BD00B8BFDE /* CharacterWikiViewController.swift in Sources */ = {isa = PBXBuildFile; fileRef = 8B1117A3223828BD00B8BFDE /* CharacterWikiViewController.swift */; };
		8B1117A822384B7800B8BFDE /* CreatorStoryboard.storyboard in Resources */ = {isa = PBXBuildFile; fileRef = 8B1117A722384B7800B8BFDE /* CreatorStoryboard.storyboard */; };
		8B4E23382229B97E0037249F /* Comic.swift in Sources */ = {isa = PBXBuildFile; fileRef = 8B4E23372229B97E0037249F /* Comic.swift */; };
		8B4E233A2229CA4B0037249F /* CharacterCollectionViewCell.swift in Sources */ = {isa = PBXBuildFile; fileRef = 8B4E23392229CA4B0037249F /* CharacterCollectionViewCell.swift */; };
		8B4E233E2229D5AB0037249F /* ComicModalViewController.swift in Sources */ = {isa = PBXBuildFile; fileRef = 8B4E233D2229D5AB0037249F /* ComicModalViewController.swift */; };
		8B535B1122287760003E7CB0 /* kisspng-the-amazing-spider-man-2-computer-icons-spiderman-5abc68750208e0.9895283015222969490083.jpg in Resources */ = {isa = PBXBuildFile; fileRef = 8B535B102228775F003E7CB0 /* kisspng-the-amazing-spider-man-2-computer-icons-spiderman-5abc68750208e0.9895283015222969490083.jpg */; };
		8B535B1322287B80003E7CB0 /* CharacterCell.swift in Sources */ = {isa = PBXBuildFile; fileRef = 8B535B1222287B80003E7CB0 /* CharacterCell.swift */; };
		8B606DE8223BDC4100AD9048 /* DatePickerViewController.xib in Resources */ = {isa = PBXBuildFile; fileRef = 8B606DE7223BDC4100AD9048 /* DatePickerViewController.xib */; };
		8B606DEB223BDCB100AD9048 /* DatePickerViewController.swift in Sources */ = {isa = PBXBuildFile; fileRef = 8B606DEA223BDCB100AD9048 /* DatePickerViewController.swift */; };
		8B8E26E22239389D0067FA9D /* ComicCollectionViewController.swift in Sources */ = {isa = PBXBuildFile; fileRef = 8B8E26E12239389D0067FA9D /* ComicCollectionViewController.swift */; };
		8B8E26E822393CD60067FA9D /* ComicCollectionViewCell.swift in Sources */ = {isa = PBXBuildFile; fileRef = 8B8E26E722393CD60067FA9D /* ComicCollectionViewCell.swift */; };
		8B8E26EC223951E60067FA9D /* ComicManager.swift in Sources */ = {isa = PBXBuildFile; fileRef = 8B8E26EB223951E60067FA9D /* ComicManager.swift */; };
		8B8E26EE223952850067FA9D /* ComicJSONParser.swift in Sources */ = {isa = PBXBuildFile; fileRef = 8B8E26ED223952850067FA9D /* ComicJSONParser.swift */; };
		8B8E26F4223971FF0067FA9D /* TabComicViewController.swift in Sources */ = {isa = PBXBuildFile; fileRef = 8B8E26F3223971FF0067FA9D /* TabComicViewController.swift */; };
		8B8E26F8223976320067FA9D /* CreatorCollectionViewController.swift in Sources */ = {isa = PBXBuildFile; fileRef = 8B8E26F7223976320067FA9D /* CreatorCollectionViewController.swift */; };
		8B8E26FA223976460067FA9D /* CreatorDetailViewController.swift in Sources */ = {isa = PBXBuildFile; fileRef = 8B8E26F9223976460067FA9D /* CreatorDetailViewController.swift */; };
		8B8E26FD223977A70067FA9D /* Creator.swift in Sources */ = {isa = PBXBuildFile; fileRef = 8B8E26FC223977A70067FA9D /* Creator.swift */; };
		8B8E26FF223978080067FA9D /* CreatorManager.swift in Sources */ = {isa = PBXBuildFile; fileRef = 8B8E26FE223978080067FA9D /* CreatorManager.swift */; };
		8B8E27012239783D0067FA9D /* CreatorJSONParser.swift in Sources */ = {isa = PBXBuildFile; fileRef = 8B8E27002239783D0067FA9D /* CreatorJSONParser.swift */; };
		8B8E270422398CC10067FA9D /* CreatorCollectionViewCell.swift in Sources */ = {isa = PBXBuildFile; fileRef = 8B8E270322398CC10067FA9D /* CreatorCollectionViewCell.swift */; };
		8B8E2706223A7F7F0067FA9D /* mapIcon.png in Resources */ = {isa = PBXBuildFile; fileRef = 8B8E2705223A7F7E0067FA9D /* mapIcon.png */; };
		8B8E2709223A80960067FA9D /* StoreMapStoryboard.storyboard in Resources */ = {isa = PBXBuildFile; fileRef = 8B8E2707223A80960067FA9D /* StoreMapStoryboard.storyboard */; };
		8B8E270B223A837A0067FA9D /* GlobantBB.gpx in Resources */ = {isa = PBXBuildFile; fileRef = 8B8E270A223A837A0067FA9D /* GlobantBB.gpx */; };
		8B8E270D223A83DD0067FA9D /* MapKit.framework in Frameworks */ = {isa = PBXBuildFile; fileRef = 8B8E270C223A83DD0067FA9D /* MapKit.framework */; };
		8B8E2710223A84AC0067FA9D /* StoreMapViewController.swift in Sources */ = {isa = PBXBuildFile; fileRef = 8B8E270F223A84AC0067FA9D /* StoreMapViewController.swift */; };
		8B8E2713223A88680067FA9D /* StoreComicAnnotation.swift in Sources */ = {isa = PBXBuildFile; fileRef = 8B8E2712223A88680067FA9D /* StoreComicAnnotation.swift */; };
		8B8E2715223A893F0067FA9D /* StoreAnnotationsManager.swift in Sources */ = {isa = PBXBuildFile; fileRef = 8B8E2714223A893F0067FA9D /* StoreAnnotationsManager.swift */; };
		8B91B4B922271E2B00807E4D /* AppDelegate.swift in Sources */ = {isa = PBXBuildFile; fileRef = 8B91B4B822271E2B00807E4D /* AppDelegate.swift */; };
		8B91B4BB22271E2B00807E4D /* CharactersDetailViewController.swift in Sources */ = {isa = PBXBuildFile; fileRef = 8B91B4BA22271E2B00807E4D /* CharactersDetailViewController.swift */; };
		8B91B4BE22271E2B00807E4D /* Main.storyboard in Resources */ = {isa = PBXBuildFile; fileRef = 8B91B4BC22271E2B00807E4D /* Main.storyboard */; };
		8B91B4C022271E2C00807E4D /* Assets.xcassets in Resources */ = {isa = PBXBuildFile; fileRef = 8B91B4BF22271E2C00807E4D /* Assets.xcassets */; };
		8B91B4C322271E2C00807E4D /* LaunchScreen.storyboard in Resources */ = {isa = PBXBuildFile; fileRef = 8B91B4C122271E2C00807E4D /* LaunchScreen.storyboard */; };
		8B91B4CE22271E2C00807E4D /* SuperheroesTests.swift in Sources */ = {isa = PBXBuildFile; fileRef = 8B91B4CD22271E2C00807E4D /* SuperheroesTests.swift */; };
		8B91B4D922271E2C00807E4D /* SuperheroesUITests.swift in Sources */ = {isa = PBXBuildFile; fileRef = 8B91B4D822271E2C00807E4D /* SuperheroesUITests.swift */; };
		8B91B4EA22271FEA00807E4D /* Character.swift in Sources */ = {isa = PBXBuildFile; fileRef = 8B91B4E922271FEA00807E4D /* Character.swift */; };
		8B91B4FC2227241B00807E4D /* CharactersTableViewController.swift in Sources */ = {isa = PBXBuildFile; fileRef = 8B91B4FB2227241B00807E4D /* CharactersTableViewController.swift */; };
		8B91CE8B22314CAF003E1C00 /* keys.txt in Resources */ = {isa = PBXBuildFile; fileRef = 8B91CE8A22314CAF003E1C00 /* keys.txt */; };
		8B91CE8D22314F1C003E1C00 /* MarvelAPIHandler.swift in Sources */ = {isa = PBXBuildFile; fileRef = 8B91CE8C22314F1C003E1C00 /* MarvelAPIHandler.swift */; };
		8B93DF3F2231A38D006DE902 /* SuperheroManager.swift in Sources */ = {isa = PBXBuildFile; fileRef = 8B93DF3E2231A38D006DE902 /* SuperheroManager.swift */; };
		8B9F0DA822329D5D009E4E2C /* NetworkingClient.swift in Sources */ = {isa = PBXBuildFile; fileRef = 8B9F0DA722329D5D009E4E2C /* NetworkingClient.swift */; };
		8BB2E1E82238220D007E6C4F /* favicon.ico in Resources */ = {isa = PBXBuildFile; fileRef = 8BB2E1E72238220D007E6C4F /* favicon.ico */; };
		8BB2E1EA22382296007E6C4F /* icons8-study-50.png in Resources */ = {isa = PBXBuildFile; fileRef = 8BB2E1E922382295007E6C4F /* icons8-study-50.png */; };
		8BCFA33A2232CF30007915F7 /* HeroJSONParser.swift in Sources */ = {isa = PBXBuildFile; fileRef = 8BCFA3392232CF30007915F7 /* HeroJSONParser.swift */; };
		8BE2728B22295E5A00B1F43E /* CharactersModalViewController.swift in Sources */ = {isa = PBXBuildFile; fileRef = 8BE2728A22295E5A00B1F43E /* CharactersModalViewController.swift */; };
		8BE2729322296BD800B1F43E /* 1193_14.png in Resources */ = {isa = PBXBuildFile; fileRef = 8BE2729222296BD800B1F43E /* 1193_14.png */; };
		8BE2729822296C8C00B1F43E /* 5a37cfd69fc311.1799733215136071266544.png in Resources */ = {isa = PBXBuildFile; fileRef = 8BE2729722296C8C00B1F43E /* 5a37cfd69fc311.1799733215136071266544.png */; };
		8BE2729A22296CE600B1F43E /* 5a20f3c4338d42.9422659315121089962112.png in Resources */ = {isa = PBXBuildFile; fileRef = 8BE2729922296CE600B1F43E /* 5a20f3c4338d42.9422659315121089962112.png */; };
		8BE2729C2229A20B00B1F43E /* kisspng-hulk-thor-iron-man-captain-america-light-5b4652d158e061.8806877215313353773641.png in Resources */ = {isa = PBXBuildFile; fileRef = 8BE2729B2229A20A00B1F43E /* kisspng-hulk-thor-iron-man-captain-america-light-5b4652d158e061.8806877215313353773641.png */; };
		8BE2729E2229A32000B1F43E /* kisspng-iron-man-spider-man-marvel-comics-logo-marvel-ente-marvel-5abc60a90c5ca1.0592811415222949530506.png in Resources */ = {isa = PBXBuildFile; fileRef = 8BE2729D2229A32000B1F43E /* kisspng-iron-man-spider-man-marvel-comics-logo-marvel-ente-marvel-5abc60a90c5ca1.0592811415222949530506.png */; };
		8BF2C02B22400CA700A0F609 /* MarvelAPIManager.swift in Sources */ = {isa = PBXBuildFile; fileRef = 8BF2C02A22400CA700A0F609 /* MarvelAPIManager.swift */; };
		BD4D55C0C5BB9499C27865D9 /* Pods_SuperheroesUITests.framework in Frameworks */ = {isa = PBXBuildFile; fileRef = 2115953EBB501D48B8590680 /* Pods_SuperheroesUITests.framework */; };
		C0ACCF0B14884BBECC9D2793 /* Pods_Superheroes.framework in Frameworks */ = {isa = PBXBuildFile; fileRef = 5424EA3428EFDF709149C916 /* Pods_Superheroes.framework */; };
/* End PBXBuildFile section */

/* Begin PBXContainerItemProxy section */
		8B91B4CA22271E2C00807E4D /* PBXContainerItemProxy */ = {
			isa = PBXContainerItemProxy;
			containerPortal = 8B91B4AD22271E2B00807E4D /* Project object */;
			proxyType = 1;
			remoteGlobalIDString = 8B91B4B422271E2B00807E4D;
			remoteInfo = Superheroes;
		};
		8B91B4D522271E2C00807E4D /* PBXContainerItemProxy */ = {
			isa = PBXContainerItemProxy;
			containerPortal = 8B91B4AD22271E2B00807E4D /* Project object */;
			proxyType = 1;
			remoteGlobalIDString = 8B91B4B422271E2B00807E4D;
			remoteInfo = Superheroes;
		};
/* End PBXContainerItemProxy section */

/* Begin PBXFileReference section */
		0E7658E392CCBE1604DB2843 /* Pods-SuperheroesTests.debug.xcconfig */ = {isa = PBXFileReference; includeInIndex = 1; lastKnownFileType = text.xcconfig; name = "Pods-SuperheroesTests.debug.xcconfig"; path = "Target Support Files/Pods-SuperheroesTests/Pods-SuperheroesTests.debug.xcconfig"; sourceTree = "<group>"; };
		2115953EBB501D48B8590680 /* Pods_SuperheroesUITests.framework */ = {isa = PBXFileReference; explicitFileType = wrapper.framework; includeInIndex = 0; path = Pods_SuperheroesUITests.framework; sourceTree = BUILT_PRODUCTS_DIR; };
		4247DEDFC1D80097D7CD694D /* Pods-SuperheroesTests.release.xcconfig */ = {isa = PBXFileReference; includeInIndex = 1; lastKnownFileType = text.xcconfig; name = "Pods-SuperheroesTests.release.xcconfig"; path = "Target Support Files/Pods-SuperheroesTests/Pods-SuperheroesTests.release.xcconfig"; sourceTree = "<group>"; };
		5424EA3428EFDF709149C916 /* Pods_Superheroes.framework */ = {isa = PBXFileReference; explicitFileType = wrapper.framework; includeInIndex = 0; path = Pods_Superheroes.framework; sourceTree = BUILT_PRODUCTS_DIR; };
		5A756AAD6C22CD9C03D3EA11 /* Pods-Superheroes.release.xcconfig */ = {isa = PBXFileReference; includeInIndex = 1; lastKnownFileType = text.xcconfig; name = "Pods-Superheroes.release.xcconfig"; path = "Target Support Files/Pods-Superheroes/Pods-Superheroes.release.xcconfig"; sourceTree = "<group>"; };
		77D23831B61154455F1AF9B1 /* Pods_SuperheroesTests.framework */ = {isa = PBXFileReference; explicitFileType = wrapper.framework; includeInIndex = 0; path = Pods_SuperheroesTests.framework; sourceTree = BUILT_PRODUCTS_DIR; };
		8B00E16E222FEEE600FFF32E /* ComicDetailViewController.swift */ = {isa = PBXFileReference; lastKnownFileType = sourcecode.swift; path = ComicDetailViewController.swift; sourceTree = "<group>"; };
		8B00E172222FF9B500FFF32E /* spectacularSpiderman.jpg */ = {isa = PBXFileReference; lastKnownFileType = image.jpeg; name = spectacularSpiderman.jpg; path = ../../../../Downloads/spectacularSpiderman.jpg; sourceTree = "<group>"; };
		8B00E174222FF9BA00FFF32E /* ultimateSpiderman.jpeg */ = {isa = PBXFileReference; lastKnownFileType = image.jpeg; name = ultimateSpiderman.jpeg; path = ../../../../Downloads/ultimateSpiderman.jpeg; sourceTree = "<group>"; };
		8B00E176222FF9BF00FFF32E /* unlimitedSpiderman.jpg */ = {isa = PBXFileReference; lastKnownFileType = image.jpeg; name = unlimitedSpiderman.jpg; path = ../../../../Downloads/unlimitedSpiderman.jpg; sourceTree = "<group>"; };
		8B00E178222FF9C400FFF32E /* amazingSpiderman.jpg */ = {isa = PBXFileReference; lastKnownFileType = image.jpeg; name = amazingSpiderman.jpg; path = ../../../../Downloads/amazingSpiderman.jpg; sourceTree = "<group>"; };
		8B0DE101223C4BCD00FE42EB /* Model.xcdatamodel */ = {isa = PBXFileReference; lastKnownFileType = wrapper.xcdatamodel; path = Model.xcdatamodel; sourceTree = "<group>"; };
		8B11179E2238259000B8BFDE /* Base */ = {isa = PBXFileReference; lastKnownFileType = file.storyboard; name = Base; path = Base.lproj/ComicStoryboard.storyboard; sourceTree = "<group>"; };
		8B1117A3223828BD00B8BFDE /* CharacterWikiViewController.swift */ = {isa = PBXFileReference; lastKnownFileType = sourcecode.swift; path = CharacterWikiViewController.swift; sourceTree = "<group>"; };
		8B1117A5223828CF00B8BFDE /* video.mp4 */ = {isa = PBXFileReference; lastKnownFileType = file; path = video.mp4; sourceTree = "<group>"; };
		8B1117A6223828D100B8BFDE /* video.mp4 */ = {isa = PBXFileReference; lastKnownFileType = file; name = video.mp4; path = ../../../../Downloads/video.mp4; sourceTree = "<group>"; };
		8B1117A722384B7800B8BFDE /* CreatorStoryboard.storyboard */ = {isa = PBXFileReference; fileEncoding = 4; lastKnownFileType = file.storyboard; path = CreatorStoryboard.storyboard; sourceTree = "<group>"; };
		8B4E23372229B97E0037249F /* Comic.swift */ = {isa = PBXFileReference; lastKnownFileType = sourcecode.swift; path = Comic.swift; sourceTree = "<group>"; };
		8B4E23392229CA4B0037249F /* CharacterCollectionViewCell.swift */ = {isa = PBXFileReference; lastKnownFileType = sourcecode.swift; path = CharacterCollectionViewCell.swift; sourceTree = "<group>"; };
		8B4E233D2229D5AB0037249F /* ComicModalViewController.swift */ = {isa = PBXFileReference; lastKnownFileType = sourcecode.swift; path = ComicModalViewController.swift; sourceTree = "<group>"; };
		8B535B0F22287738003E7CB0 /* png-flash-png-260_360.jpg */ = {isa = PBXFileReference; lastKnownFileType = image.jpeg; path = "png-flash-png-260_360.jpg"; sourceTree = "<group>"; };
		8B535B102228775F003E7CB0 /* kisspng-the-amazing-spider-man-2-computer-icons-spiderman-5abc68750208e0.9895283015222969490083.jpg */ = {isa = PBXFileReference; lastKnownFileType = image.jpeg; name = "kisspng-the-amazing-spider-man-2-computer-icons-spiderman-5abc68750208e0.9895283015222969490083.jpg"; path = "../../../../Downloads/kisspng-the-amazing-spider-man-2-computer-icons-spiderman-5abc68750208e0.9895283015222969490083.jpg"; sourceTree = "<group>"; };
		8B535B1222287B80003E7CB0 /* CharacterCell.swift */ = {isa = PBXFileReference; lastKnownFileType = sourcecode.swift; path = CharacterCell.swift; sourceTree = "<group>"; };
		8B606DE7223BDC4100AD9048 /* DatePickerViewController.xib */ = {isa = PBXFileReference; lastKnownFileType = file.xib; path = DatePickerViewController.xib; sourceTree = "<group>"; };
		8B606DEA223BDCB100AD9048 /* DatePickerViewController.swift */ = {isa = PBXFileReference; lastKnownFileType = sourcecode.swift; path = DatePickerViewController.swift; sourceTree = "<group>"; };
		8B8E26E12239389D0067FA9D /* ComicCollectionViewController.swift */ = {isa = PBXFileReference; lastKnownFileType = sourcecode.swift; path = ComicCollectionViewController.swift; sourceTree = "<group>"; };
		8B8E26E722393CD60067FA9D /* ComicCollectionViewCell.swift */ = {isa = PBXFileReference; lastKnownFileType = sourcecode.swift; path = ComicCollectionViewCell.swift; sourceTree = "<group>"; };
		8B8E26EB223951E60067FA9D /* ComicManager.swift */ = {isa = PBXFileReference; lastKnownFileType = sourcecode.swift; path = ComicManager.swift; sourceTree = "<group>"; };
		8B8E26ED223952850067FA9D /* ComicJSONParser.swift */ = {isa = PBXFileReference; lastKnownFileType = sourcecode.swift; path = ComicJSONParser.swift; sourceTree = "<group>"; };
		8B8E26F3223971FF0067FA9D /* TabComicViewController.swift */ = {isa = PBXFileReference; lastKnownFileType = sourcecode.swift; path = TabComicViewController.swift; sourceTree = "<group>"; };
		8B8E26F7223976320067FA9D /* CreatorCollectionViewController.swift */ = {isa = PBXFileReference; lastKnownFileType = sourcecode.swift; path = CreatorCollectionViewController.swift; sourceTree = "<group>"; };
		8B8E26F9223976460067FA9D /* CreatorDetailViewController.swift */ = {isa = PBXFileReference; lastKnownFileType = sourcecode.swift; path = CreatorDetailViewController.swift; sourceTree = "<group>"; };
		8B8E26FC223977A70067FA9D /* Creator.swift */ = {isa = PBXFileReference; lastKnownFileType = sourcecode.swift; path = Creator.swift; sourceTree = "<group>"; };
		8B8E26FE223978080067FA9D /* CreatorManager.swift */ = {isa = PBXFileReference; lastKnownFileType = sourcecode.swift; path = CreatorManager.swift; sourceTree = "<group>"; };
		8B8E27002239783D0067FA9D /* CreatorJSONParser.swift */ = {isa = PBXFileReference; lastKnownFileType = sourcecode.swift; path = CreatorJSONParser.swift; sourceTree = "<group>"; };
		8B8E270322398CC10067FA9D /* CreatorCollectionViewCell.swift */ = {isa = PBXFileReference; lastKnownFileType = sourcecode.swift; path = CreatorCollectionViewCell.swift; sourceTree = "<group>"; };
		8B8E2705223A7F7E0067FA9D /* mapIcon.png */ = {isa = PBXFileReference; lastKnownFileType = image.png; name = mapIcon.png; path = ../../../../Downloads/mapIcon.png; sourceTree = "<group>"; };
		8B8E2708223A80960067FA9D /* Base */ = {isa = PBXFileReference; lastKnownFileType = file.storyboard; name = Base; path = Base.lproj/StoreMapStoryboard.storyboard; sourceTree = "<group>"; };
		8B8E270A223A837A0067FA9D /* GlobantBB.gpx */ = {isa = PBXFileReference; fileEncoding = 4; lastKnownFileType = text.xml; path = GlobantBB.gpx; sourceTree = "<group>"; };
		8B8E270C223A83DD0067FA9D /* MapKit.framework */ = {isa = PBXFileReference; lastKnownFileType = wrapper.framework; name = MapKit.framework; path = System/Library/Frameworks/MapKit.framework; sourceTree = SDKROOT; };
		8B8E270F223A84AC0067FA9D /* StoreMapViewController.swift */ = {isa = PBXFileReference; lastKnownFileType = sourcecode.swift; path = StoreMapViewController.swift; sourceTree = "<group>"; };
		8B8E2712223A88680067FA9D /* StoreComicAnnotation.swift */ = {isa = PBXFileReference; lastKnownFileType = sourcecode.swift; path = StoreComicAnnotation.swift; sourceTree = "<group>"; };
		8B8E2714223A893F0067FA9D /* StoreAnnotationsManager.swift */ = {isa = PBXFileReference; lastKnownFileType = sourcecode.swift; path = StoreAnnotationsManager.swift; sourceTree = "<group>"; };
		8B91B4B522271E2B00807E4D /* Superheroes.app */ = {isa = PBXFileReference; explicitFileType = wrapper.application; includeInIndex = 0; path = Superheroes.app; sourceTree = BUILT_PRODUCTS_DIR; };
		8B91B4B822271E2B00807E4D /* AppDelegate.swift */ = {isa = PBXFileReference; lastKnownFileType = sourcecode.swift; path = AppDelegate.swift; sourceTree = "<group>"; };
		8B91B4BA22271E2B00807E4D /* CharactersDetailViewController.swift */ = {isa = PBXFileReference; lastKnownFileType = sourcecode.swift; path = CharactersDetailViewController.swift; sourceTree = "<group>"; };
		8B91B4BD22271E2B00807E4D /* Base */ = {isa = PBXFileReference; lastKnownFileType = file.storyboard; name = Base; path = Base.lproj/Main.storyboard; sourceTree = "<group>"; };
		8B91B4BF22271E2C00807E4D /* Assets.xcassets */ = {isa = PBXFileReference; lastKnownFileType = folder.assetcatalog; path = Assets.xcassets; sourceTree = "<group>"; };
		8B91B4C222271E2C00807E4D /* Base */ = {isa = PBXFileReference; lastKnownFileType = file.storyboard; name = Base; path = Base.lproj/LaunchScreen.storyboard; sourceTree = "<group>"; };
		8B91B4C422271E2C00807E4D /* Info.plist */ = {isa = PBXFileReference; lastKnownFileType = text.plist.xml; path = Info.plist; sourceTree = "<group>"; };
		8B91B4C922271E2C00807E4D /* SuperheroesTests.xctest */ = {isa = PBXFileReference; explicitFileType = wrapper.cfbundle; includeInIndex = 0; path = SuperheroesTests.xctest; sourceTree = BUILT_PRODUCTS_DIR; };
		8B91B4CD22271E2C00807E4D /* SuperheroesTests.swift */ = {isa = PBXFileReference; lastKnownFileType = sourcecode.swift; path = SuperheroesTests.swift; sourceTree = "<group>"; };
		8B91B4CF22271E2C00807E4D /* Info.plist */ = {isa = PBXFileReference; lastKnownFileType = text.plist.xml; path = Info.plist; sourceTree = "<group>"; };
		8B91B4D422271E2C00807E4D /* SuperheroesUITests.xctest */ = {isa = PBXFileReference; explicitFileType = wrapper.cfbundle; includeInIndex = 0; path = SuperheroesUITests.xctest; sourceTree = BUILT_PRODUCTS_DIR; };
		8B91B4D822271E2C00807E4D /* SuperheroesUITests.swift */ = {isa = PBXFileReference; lastKnownFileType = sourcecode.swift; path = SuperheroesUITests.swift; sourceTree = "<group>"; };
		8B91B4DA22271E2C00807E4D /* Info.plist */ = {isa = PBXFileReference; lastKnownFileType = text.plist.xml; path = Info.plist; sourceTree = "<group>"; };
		8B91B4E922271FEA00807E4D /* Character.swift */ = {isa = PBXFileReference; lastKnownFileType = sourcecode.swift; path = Character.swift; sourceTree = "<group>"; };
		8B91B4F62227215B00807E4D /* 7-72539_superhero-png-free-download-superheroes-png.png.jpeg */ = {isa = PBXFileReference; lastKnownFileType = image.jpeg; path = "7-72539_superhero-png-free-download-superheroes-png.png.jpeg"; sourceTree = "<group>"; };
		8B91B4F72227215B00807E4D /* 1468975560_preview_kisspng-superman-batman-superhero-movie-drawing-superhero-5abb19236ea094.1232875815222111074531.jpg */ = {isa = PBXFileReference; lastKnownFileType = image.jpeg; path = "1468975560_preview_kisspng-superman-batman-superhero-movie-drawing-superhero-5abb19236ea094.1232875815222111074531.jpg"; sourceTree = "<group>"; };
		8B91B4F82227215B00807E4D /* 7-72539_superhero-png-free-download-superheroes-png.png.jpeg */ = {isa = PBXFileReference; lastKnownFileType = image.jpeg; name = "7-72539_superhero-png-free-download-superheroes-png.png.jpeg"; path = "../../../../Downloads/7-72539_superhero-png-free-download-superheroes-png.png.jpeg"; sourceTree = "<group>"; };
		8B91B4FB2227241B00807E4D /* CharactersTableViewController.swift */ = {isa = PBXFileReference; lastKnownFileType = sourcecode.swift; path = CharactersTableViewController.swift; sourceTree = "<group>"; };
		8B91CE8722314BBE003E1C00 /* png-flash-png-260_360.jpg */ = {isa = PBXFileReference; lastKnownFileType = image.jpeg; name = "png-flash-png-260_360.jpg"; path = "../../../../Downloads/png-flash-png-260_360.jpg"; sourceTree = "<group>"; };
		8B91CE8822314BBE003E1C00 /* 5a21cb5db9bb48.8526466615121641897608.png */ = {isa = PBXFileReference; lastKnownFileType = image.png; name = 5a21cb5db9bb48.8526466615121641897608.png; path = ../../../../Downloads/5a21cb5db9bb48.8526466615121641897608.png; sourceTree = "<group>"; };
		8B91CE8922314BC7003E1C00 /* unnamed.png */ = {isa = PBXFileReference; lastKnownFileType = image.png; path = unnamed.png; sourceTree = "<group>"; };
		8B91CE8A22314CAF003E1C00 /* keys.txt */ = {isa = PBXFileReference; lastKnownFileType = text; path = keys.txt; sourceTree = "<group>"; };
		8B91CE8C22314F1C003E1C00 /* MarvelAPIHandler.swift */ = {isa = PBXFileReference; lastKnownFileType = sourcecode.swift; path = MarvelAPIHandler.swift; sourceTree = "<group>"; };
		8B93DF3E2231A38D006DE902 /* SuperheroManager.swift */ = {isa = PBXFileReference; lastKnownFileType = sourcecode.swift; path = SuperheroManager.swift; sourceTree = "<group>"; };
		8B9F0DA722329D5D009E4E2C /* NetworkingClient.swift */ = {isa = PBXFileReference; lastKnownFileType = sourcecode.swift; path = NetworkingClient.swift; sourceTree = "<group>"; };
		8BB2E1E422381FD6007E6C4F /* icons8-iron-man-50.png */ = {isa = PBXFileReference; lastKnownFileType = image.png; path = "icons8-iron-man-50.png"; sourceTree = "<group>"; };
		8BB2E1E522381FD6007E6C4F /* icons8-writer-50.png */ = {isa = PBXFileReference; lastKnownFileType = image.png; path = "icons8-writer-50.png"; sourceTree = "<group>"; };
		8BB2E1E622381FD8007E6C4F /* 85529.png */ = {isa = PBXFileReference; lastKnownFileType = image.png; path = 85529.png; sourceTree = "<group>"; };
		8BB2E1E72238220D007E6C4F /* favicon.ico */ = {isa = PBXFileReference; lastKnownFileType = image.ico; name = favicon.ico; path = ../../../../Downloads/favicon.ico; sourceTree = "<group>"; };
		8BB2E1E922382295007E6C4F /* icons8-study-50.png */ = {isa = PBXFileReference; lastKnownFileType = image.png; name = "icons8-study-50.png"; path = "../../../../Downloads/icons8-study-50.png"; sourceTree = "<group>"; };
		8BCFA3392232CF30007915F7 /* HeroJSONParser.swift */ = {isa = PBXFileReference; lastKnownFileType = sourcecode.swift; path = HeroJSONParser.swift; sourceTree = "<group>"; };
		8BE2728A22295E5A00B1F43E /* CharactersModalViewController.swift */ = {isa = PBXFileReference; lastKnownFileType = sourcecode.swift; path = CharactersModalViewController.swift; sourceTree = "<group>"; };
		8BE2729222296BD800B1F43E /* 1193_14.png */ = {isa = PBXFileReference; lastKnownFileType = image.png; name = 1193_14.png; path = ../../../../Downloads/1193_14.png; sourceTree = "<group>"; };
		8BE2729622296C5D00B1F43E /* 5a21cb5db9bb48.8526466615121641897608.png */ = {isa = PBXFileReference; lastKnownFileType = image.png; path = 5a21cb5db9bb48.8526466615121641897608.png; sourceTree = "<group>"; };
		8BE2729722296C8C00B1F43E /* 5a37cfd69fc311.1799733215136071266544.png */ = {isa = PBXFileReference; lastKnownFileType = image.png; name = 5a37cfd69fc311.1799733215136071266544.png; path = ../../../../Downloads/5a37cfd69fc311.1799733215136071266544.png; sourceTree = "<group>"; };
		8BE2729922296CE600B1F43E /* 5a20f3c4338d42.9422659315121089962112.png */ = {isa = PBXFileReference; lastKnownFileType = image.png; name = 5a20f3c4338d42.9422659315121089962112.png; path = ../../../../Downloads/5a20f3c4338d42.9422659315121089962112.png; sourceTree = "<group>"; };
		8BE2729B2229A20A00B1F43E /* kisspng-hulk-thor-iron-man-captain-america-light-5b4652d158e061.8806877215313353773641.png */ = {isa = PBXFileReference; lastKnownFileType = image.png; name = "kisspng-hulk-thor-iron-man-captain-america-light-5b4652d158e061.8806877215313353773641.png"; path = "../../../../Downloads/kisspng-hulk-thor-iron-man-captain-america-light-5b4652d158e061.8806877215313353773641.png"; sourceTree = "<group>"; };
		8BE2729D2229A32000B1F43E /* kisspng-iron-man-spider-man-marvel-comics-logo-marvel-ente-marvel-5abc60a90c5ca1.0592811415222949530506.png */ = {isa = PBXFileReference; lastKnownFileType = image.png; name = "kisspng-iron-man-spider-man-marvel-comics-logo-marvel-ente-marvel-5abc60a90c5ca1.0592811415222949530506.png"; path = "../../../../Downloads/kisspng-iron-man-spider-man-marvel-comics-logo-marvel-ente-marvel-5abc60a90c5ca1.0592811415222949530506.png"; sourceTree = "<group>"; };
		8BF2C02A22400CA700A0F609 /* MarvelAPIManager.swift */ = {isa = PBXFileReference; lastKnownFileType = sourcecode.swift; path = MarvelAPIManager.swift; sourceTree = "<group>"; };
		8D339BEDFCCA7B0230D31730 /* Pods-SuperheroesUITests.release.xcconfig */ = {isa = PBXFileReference; includeInIndex = 1; lastKnownFileType = text.xcconfig; name = "Pods-SuperheroesUITests.release.xcconfig"; path = "Target Support Files/Pods-SuperheroesUITests/Pods-SuperheroesUITests.release.xcconfig"; sourceTree = "<group>"; };
		8F206B5695B8EF978D664CBF /* Pods-Superheroes.debug.xcconfig */ = {isa = PBXFileReference; includeInIndex = 1; lastKnownFileType = text.xcconfig; name = "Pods-Superheroes.debug.xcconfig"; path = "Target Support Files/Pods-Superheroes/Pods-Superheroes.debug.xcconfig"; sourceTree = "<group>"; };
		A0046E2905DF0806629BCCFB /* Pods-SuperheroesUITests.debug.xcconfig */ = {isa = PBXFileReference; includeInIndex = 1; lastKnownFileType = text.xcconfig; name = "Pods-SuperheroesUITests.debug.xcconfig"; path = "Target Support Files/Pods-SuperheroesUITests/Pods-SuperheroesUITests.debug.xcconfig"; sourceTree = "<group>"; };
/* End PBXFileReference section */

/* Begin PBXFrameworksBuildPhase section */
		8B91B4B222271E2B00807E4D /* Frameworks */ = {
			isa = PBXFrameworksBuildPhase;
			buildActionMask = 2147483647;
			files = (
				8B8E270D223A83DD0067FA9D /* MapKit.framework in Frameworks */,
				C0ACCF0B14884BBECC9D2793 /* Pods_Superheroes.framework in Frameworks */,
			);
			runOnlyForDeploymentPostprocessing = 0;
		};
		8B91B4C622271E2C00807E4D /* Frameworks */ = {
			isa = PBXFrameworksBuildPhase;
			buildActionMask = 2147483647;
			files = (
				1043701EF07ECBE676EA636B /* Pods_SuperheroesTests.framework in Frameworks */,
			);
			runOnlyForDeploymentPostprocessing = 0;
		};
		8B91B4D122271E2C00807E4D /* Frameworks */ = {
			isa = PBXFrameworksBuildPhase;
			buildActionMask = 2147483647;
			files = (
				BD4D55C0C5BB9499C27865D9 /* Pods_SuperheroesUITests.framework in Frameworks */,
			);
			runOnlyForDeploymentPostprocessing = 0;
		};
/* End PBXFrameworksBuildPhase section */

/* Begin PBXGroup section */
		8A9F95FD064EA511EB7498CB /* Pods */ = {
			isa = PBXGroup;
			children = (
				8F206B5695B8EF978D664CBF /* Pods-Superheroes.debug.xcconfig */,
				5A756AAD6C22CD9C03D3EA11 /* Pods-Superheroes.release.xcconfig */,
				0E7658E392CCBE1604DB2843 /* Pods-SuperheroesTests.debug.xcconfig */,
				4247DEDFC1D80097D7CD694D /* Pods-SuperheroesTests.release.xcconfig */,
				A0046E2905DF0806629BCCFB /* Pods-SuperheroesUITests.debug.xcconfig */,
				8D339BEDFCCA7B0230D31730 /* Pods-SuperheroesUITests.release.xcconfig */,
			);
			path = Pods;
			sourceTree = "<group>";
		};
		8B606DE6223BDBDA00AD9048 /* XIBs */ = {
			isa = PBXGroup;
			children = (
				8B606DE9223BDC9700AD9048 /* ControllersXIB */,
				8B606DE7223BDC4100AD9048 /* DatePickerViewController.xib */,
			);
			path = XIBs;
			sourceTree = "<group>";
		};
		8B606DE9223BDC9700AD9048 /* ControllersXIB */ = {
			isa = PBXGroup;
			children = (
				8B606DEA223BDCB100AD9048 /* DatePickerViewController.swift */,
			);
			path = ControllersXIB;
			sourceTree = "<group>";
		};
		8B8E26DF223936230067FA9D /* CharactersControllers */ = {
			isa = PBXGroup;
			children = (
				8B91B4BA22271E2B00807E4D /* CharactersDetailViewController.swift */,
				8B91B4FB2227241B00807E4D /* CharactersTableViewController.swift */,
				8BE2728A22295E5A00B1F43E /* CharactersModalViewController.swift */,
				8B4E23392229CA4B0037249F /* CharacterCollectionViewCell.swift */,
				8B4E233D2229D5AB0037249F /* ComicModalViewController.swift */,
				8B00E16E222FEEE600FFF32E /* ComicDetailViewController.swift */,
				8B1117A3223828BD00B8BFDE /* CharacterWikiViewController.swift */,
			);
			path = CharactersControllers;
			sourceTree = "<group>";
		};
		8B8E26E02239363B0067FA9D /* ComicControllers */ = {
			isa = PBXGroup;
			children = (
				8B8E26E12239389D0067FA9D /* ComicCollectionViewController.swift */,
				8B8E26F3223971FF0067FA9D /* TabComicViewController.swift */,
			);
			path = ComicControllers;
			sourceTree = "<group>";
		};
		8B8E26E622393CA60067FA9D /* ComicModels */ = {
			isa = PBXGroup;
			children = (
				8B8E26E722393CD60067FA9D /* ComicCollectionViewCell.swift */,
				8B8E26EB223951E60067FA9D /* ComicManager.swift */,
				8B8E26ED223952850067FA9D /* ComicJSONParser.swift */,
			);
			path = ComicModels;
			sourceTree = "<group>";
		};
		8B8E26F6223975F10067FA9D /* CreatorsController */ = {
			isa = PBXGroup;
			children = (
				8B8E26F7223976320067FA9D /* CreatorCollectionViewController.swift */,
				8B8E26F9223976460067FA9D /* CreatorDetailViewController.swift */,
			);
			path = CreatorsController;
			sourceTree = "<group>";
		};
		8B8E26FB223977780067FA9D /* CreatorsModels */ = {
			isa = PBXGroup;
			children = (
				8B8E26FC223977A70067FA9D /* Creator.swift */,
				8B8E26FE223978080067FA9D /* CreatorManager.swift */,
				8B8E27002239783D0067FA9D /* CreatorJSONParser.swift */,
				8B8E270322398CC10067FA9D /* CreatorCollectionViewCell.swift */,
			);
			path = CreatorsModels;
			sourceTree = "<group>";
		};
		8B8E2702223979070067FA9D /* Models */ = {
			isa = PBXGroup;
			children = (
				8B8E26FB223977780067FA9D /* CreatorsModels */,
				8B8E2711223A884A0067FA9D /* StoreMapModels */,
				8B8E26E622393CA60067FA9D /* ComicModels */,
				8BCFA3382232C896007915F7 /* CharacterModels */,
				8B0DE100223C4BCD00FE42EB /* Model.xcdatamodeld */,
			);
			path = Models;
			sourceTree = "<group>";
		};
		8B8E270E223A84750067FA9D /* StoreMapControllers */ = {
			isa = PBXGroup;
			children = (
				8B8E270A223A837A0067FA9D /* GlobantBB.gpx */,
				8B8E270F223A84AC0067FA9D /* StoreMapViewController.swift */,
			);
			path = StoreMapControllers;
			sourceTree = "<group>";
		};
		8B8E2711223A884A0067FA9D /* StoreMapModels */ = {
			isa = PBXGroup;
			children = (
				8B8E2712223A88680067FA9D /* StoreComicAnnotation.swift */,
				8B8E2714223A893F0067FA9D /* StoreAnnotationsManager.swift */,
			);
			path = StoreMapModels;
			sourceTree = "<group>";
		};
		8B91B4AC22271E2B00807E4D = {
			isa = PBXGroup;
			children = (
				8B606DE6223BDBDA00AD9048 /* XIBs */,
				8B8E2702223979070067FA9D /* Models */,
				8BB2E1D92237EF69007E6C4F /* Storyboards */,
				8B91B4E822271F9F00807E4D /* Controllers */,
				8B91B4B722271E2B00807E4D /* Superheroes */,
				8B91B4CC22271E2C00807E4D /* SuperheroesTests */,
				8B91B4D722271E2C00807E4D /* SuperheroesUITests */,
				8B91B4B622271E2B00807E4D /* Products */,
				8A9F95FD064EA511EB7498CB /* Pods */,
				8F61FEFC1EF79273829A7E9B /* Frameworks */,
			);
			sourceTree = "<group>";
		};
		8B91B4B622271E2B00807E4D /* Products */ = {
			isa = PBXGroup;
			children = (
				8B91B4B522271E2B00807E4D /* Superheroes.app */,
				8B91B4C922271E2C00807E4D /* SuperheroesTests.xctest */,
				8B91B4D422271E2C00807E4D /* SuperheroesUITests.xctest */,
			);
			name = Products;
			sourceTree = "<group>";
		};
		8B91B4B722271E2B00807E4D /* Superheroes */ = {
			isa = PBXGroup;
			children = (
				8B91B4F52227215B00807E4D /* imagenes */,
				8B91B4B822271E2B00807E4D /* AppDelegate.swift */,
				8B91B4BF22271E2C00807E4D /* Assets.xcassets */,
				8B91B4C422271E2C00807E4D /* Info.plist */,
			);
			path = Superheroes;
			sourceTree = "<group>";
		};
		8B91B4CC22271E2C00807E4D /* SuperheroesTests */ = {
			isa = PBXGroup;
			children = (
				8B91B4CD22271E2C00807E4D /* SuperheroesTests.swift */,
				8B91B4CF22271E2C00807E4D /* Info.plist */,
			);
			path = SuperheroesTests;
			sourceTree = "<group>";
		};
		8B91B4D722271E2C00807E4D /* SuperheroesUITests */ = {
			isa = PBXGroup;
			children = (
				8B91B4D822271E2C00807E4D /* SuperheroesUITests.swift */,
				8B91B4DA22271E2C00807E4D /* Info.plist */,
			);
			path = SuperheroesUITests;
			sourceTree = "<group>";
		};
		8B91B4E822271F9F00807E4D /* Controllers */ = {
			isa = PBXGroup;
			children = (
				8B8E270E223A84750067FA9D /* StoreMapControllers */,
				8B8E26F6223975F10067FA9D /* CreatorsController */,
				8B8E26E02239363B0067FA9D /* ComicControllers */,
				8B8E26DF223936230067FA9D /* CharactersControllers */,
			);
			path = Controllers;
			sourceTree = "<group>";
		};
		8B91B4F52227215B00807E4D /* imagenes */ = {
			isa = PBXGroup;
			children = (
				8B1117A6223828D100B8BFDE /* video.mp4 */,
				8B8E2705223A7F7E0067FA9D /* mapIcon.png */,
				8B91CE8A22314CAF003E1C00 /* keys.txt */,
				8B1117A5223828CF00B8BFDE /* video.mp4 */,
				8BB2E1E922382295007E6C4F /* icons8-study-50.png */,
				8BB2E1E72238220D007E6C4F /* favicon.ico */,
				8BB2E1E422381FD6007E6C4F /* icons8-iron-man-50.png */,
				8BB2E1E622381FD8007E6C4F /* 85529.png */,
				8BB2E1E522381FD6007E6C4F /* icons8-writer-50.png */,
				8B91CE8922314BC7003E1C00 /* unnamed.png */,
				8B91CE8722314BBE003E1C00 /* png-flash-png-260_360.jpg */,
				8B91CE8822314BBE003E1C00 /* 5a21cb5db9bb48.8526466615121641897608.png */,
				8B00E178222FF9C400FFF32E /* amazingSpiderman.jpg */,
				8B00E176222FF9BF00FFF32E /* unlimitedSpiderman.jpg */,
				8B00E174222FF9BA00FFF32E /* ultimateSpiderman.jpeg */,
				8B00E172222FF9B500FFF32E /* spectacularSpiderman.jpg */,
				8BE2729D2229A32000B1F43E /* kisspng-iron-man-spider-man-marvel-comics-logo-marvel-ente-marvel-5abc60a90c5ca1.0592811415222949530506.png */,
				8BE2729B2229A20A00B1F43E /* kisspng-hulk-thor-iron-man-captain-america-light-5b4652d158e061.8806877215313353773641.png */,
				8BE2729922296CE600B1F43E /* 5a20f3c4338d42.9422659315121089962112.png */,
				8BE2729722296C8C00B1F43E /* 5a37cfd69fc311.1799733215136071266544.png */,
				8BE2729622296C5D00B1F43E /* 5a21cb5db9bb48.8526466615121641897608.png */,
				8BE2729222296BD800B1F43E /* 1193_14.png */,
				8B535B0F22287738003E7CB0 /* png-flash-png-260_360.jpg */,
				8B535B102228775F003E7CB0 /* kisspng-the-amazing-spider-man-2-computer-icons-spiderman-5abc68750208e0.9895283015222969490083.jpg */,
				8B91B4F72227215B00807E4D /* 1468975560_preview_kisspng-superman-batman-superhero-movie-drawing-superhero-5abb19236ea094.1232875815222111074531.jpg */,
				8B91B4F82227215B00807E4D /* 7-72539_superhero-png-free-download-superheroes-png.png.jpeg */,
				8B91B4F62227215B00807E4D /* 7-72539_superhero-png-free-download-superheroes-png.png.jpeg */,
			);
			path = imagenes;
			sourceTree = "<group>";
		};
		8BB2E1D92237EF69007E6C4F /* Storyboards */ = {
			isa = PBXGroup;
			children = (
				8B8E2707223A80960067FA9D /* StoreMapStoryboard.storyboard */,
				8B1117A722384B7800B8BFDE /* CreatorStoryboard.storyboard */,
				8B11179D2238259000B8BFDE /* ComicStoryboard.storyboard */,
				8B91B4BC22271E2B00807E4D /* Main.storyboard */,
				8B91B4C122271E2C00807E4D /* LaunchScreen.storyboard */,
			);
			path = Storyboards;
			sourceTree = "<group>";
		};
		8BCFA3382232C896007915F7 /* CharacterModels */ = {
			isa = PBXGroup;
			children = (
				8B91B4E922271FEA00807E4D /* Character.swift */,
				8B535B1222287B80003E7CB0 /* CharacterCell.swift */,
				8B4E23372229B97E0037249F /* Comic.swift */,
				8B91CE8C22314F1C003E1C00 /* MarvelAPIHandler.swift */,
				8B93DF3E2231A38D006DE902 /* SuperheroManager.swift */,
				8B9F0DA722329D5D009E4E2C /* NetworkingClient.swift */,
				8BCFA3392232CF30007915F7 /* HeroJSONParser.swift */,
				8BF2C02A22400CA700A0F609 /* MarvelAPIManager.swift */,
			);
			path = CharacterModels;
			sourceTree = "<group>";
		};
		8F61FEFC1EF79273829A7E9B /* Frameworks */ = {
			isa = PBXGroup;
			children = (
				8B8E270C223A83DD0067FA9D /* MapKit.framework */,
				5424EA3428EFDF709149C916 /* Pods_Superheroes.framework */,
				77D23831B61154455F1AF9B1 /* Pods_SuperheroesTests.framework */,
				2115953EBB501D48B8590680 /* Pods_SuperheroesUITests.framework */,
			);
			name = Frameworks;
			sourceTree = "<group>";
		};
/* End PBXGroup section */

/* Begin PBXNativeTarget section */
		8B91B4B422271E2B00807E4D /* Superheroes */ = {
			isa = PBXNativeTarget;
			buildConfigurationList = 8B91B4DD22271E2C00807E4D /* Build configuration list for PBXNativeTarget "Superheroes" */;
			buildPhases = (
				39666B6FB3580AC7B5386C8E /* [CP] Check Pods Manifest.lock */,
				8B91B4B122271E2B00807E4D /* Sources */,
				8B91B4B222271E2B00807E4D /* Frameworks */,
				8B91B4B322271E2B00807E4D /* Resources */,
				1DCB0A9646F6677533D2117D /* [CP] Embed Pods Frameworks */,
			);
			buildRules = (
			);
			dependencies = (
			);
			name = Superheroes;
			productName = Superheroes;
			productReference = 8B91B4B522271E2B00807E4D /* Superheroes.app */;
			productType = "com.apple.product-type.application";
		};
		8B91B4C822271E2C00807E4D /* SuperheroesTests */ = {
			isa = PBXNativeTarget;
			buildConfigurationList = 8B91B4E022271E2C00807E4D /* Build configuration list for PBXNativeTarget "SuperheroesTests" */;
			buildPhases = (
				530085C3820CAD629752F814 /* [CP] Check Pods Manifest.lock */,
				8B91B4C522271E2C00807E4D /* Sources */,
				8B91B4C622271E2C00807E4D /* Frameworks */,
				8B91B4C722271E2C00807E4D /* Resources */,
			);
			buildRules = (
			);
			dependencies = (
				8B91B4CB22271E2C00807E4D /* PBXTargetDependency */,
			);
			name = SuperheroesTests;
			productName = SuperheroesTests;
			productReference = 8B91B4C922271E2C00807E4D /* SuperheroesTests.xctest */;
			productType = "com.apple.product-type.bundle.unit-test";
		};
		8B91B4D322271E2C00807E4D /* SuperheroesUITests */ = {
			isa = PBXNativeTarget;
			buildConfigurationList = 8B91B4E322271E2C00807E4D /* Build configuration list for PBXNativeTarget "SuperheroesUITests" */;
			buildPhases = (
				1641FE5EDA7819D717C7FC31 /* [CP] Check Pods Manifest.lock */,
				8B91B4D022271E2C00807E4D /* Sources */,
				8B91B4D122271E2C00807E4D /* Frameworks */,
				8B91B4D222271E2C00807E4D /* Resources */,
			);
			buildRules = (
			);
			dependencies = (
				8B91B4D622271E2C00807E4D /* PBXTargetDependency */,
			);
			name = SuperheroesUITests;
			productName = SuperheroesUITests;
			productReference = 8B91B4D422271E2C00807E4D /* SuperheroesUITests.xctest */;
			productType = "com.apple.product-type.bundle.ui-testing";
		};
/* End PBXNativeTarget section */

/* Begin PBXProject section */
		8B91B4AD22271E2B00807E4D /* Project object */ = {
			isa = PBXProject;
			attributes = {
				LastSwiftUpdateCheck = 1010;
				LastUpgradeCheck = 1010;
				ORGANIZATIONNAME = "Tomas Mateo Perotti";
				TargetAttributes = {
					8B91B4B422271E2B00807E4D = {
						CreatedOnToolsVersion = 10.1;
						SystemCapabilities = {
							com.apple.Maps.iOS = {
								enabled = 1;
							};
						};
					};
					8B91B4C822271E2C00807E4D = {
						CreatedOnToolsVersion = 10.1;
						TestTargetID = 8B91B4B422271E2B00807E4D;
					};
					8B91B4D322271E2C00807E4D = {
						CreatedOnToolsVersion = 10.1;
						TestTargetID = 8B91B4B422271E2B00807E4D;
					};
				};
			};
			buildConfigurationList = 8B91B4B022271E2B00807E4D /* Build configuration list for PBXProject "Superheroes" */;
			compatibilityVersion = "Xcode 9.3";
			developmentRegion = en;
			hasScannedForEncodings = 0;
			knownRegions = (
				en,
				Base,
			);
			mainGroup = 8B91B4AC22271E2B00807E4D;
			productRefGroup = 8B91B4B622271E2B00807E4D /* Products */;
			projectDirPath = "";
			projectRoot = "";
			targets = (
				8B91B4B422271E2B00807E4D /* Superheroes */,
				8B91B4C822271E2C00807E4D /* SuperheroesTests */,
				8B91B4D322271E2C00807E4D /* SuperheroesUITests */,
			);
		};
/* End PBXProject section */

/* Begin PBXResourcesBuildPhase section */
		8B91B4B322271E2B00807E4D /* Resources */ = {
			isa = PBXResourcesBuildPhase;
			buildActionMask = 2147483647;
			files = (
				8B91B4C322271E2C00807E4D /* LaunchScreen.storyboard in Resources */,
				8B535B1122287760003E7CB0 /* kisspng-the-amazing-spider-man-2-computer-icons-spiderman-5abc68750208e0.9895283015222969490083.jpg in Resources */,
				8BB2E1EA22382296007E6C4F /* icons8-study-50.png in Resources */,
				8B00E175222FF9BA00FFF32E /* ultimateSpiderman.jpeg in Resources */,
				8B91CE8B22314CAF003E1C00 /* keys.txt in Resources */,
				8B8E2706223A7F7F0067FA9D /* mapIcon.png in Resources */,
				8BE2729A22296CE600B1F43E /* 5a20f3c4338d42.9422659315121089962112.png in Resources */,
				8B8E2709223A80960067FA9D /* StoreMapStoryboard.storyboard in Resources */,
				8B91B4C022271E2C00807E4D /* Assets.xcassets in Resources */,
				8BE2729822296C8C00B1F43E /* 5a37cfd69fc311.1799733215136071266544.png in Resources */,
				8B1117A822384B7800B8BFDE /* CreatorStoryboard.storyboard in Resources */,
				8B91B4BE22271E2B00807E4D /* Main.storyboard in Resources */,
				8BE2729C2229A20B00B1F43E /* kisspng-hulk-thor-iron-man-captain-america-light-5b4652d158e061.8806877215313353773641.png in Resources */,
				8BB2E1E82238220D007E6C4F /* favicon.ico in Resources */,
				8B00E173222FF9B500FFF32E /* spectacularSpiderman.jpg in Resources */,
				8BE2729E2229A32000B1F43E /* kisspng-iron-man-spider-man-marvel-comics-logo-marvel-ente-marvel-5abc60a90c5ca1.0592811415222949530506.png in Resources */,
				8BE2729322296BD800B1F43E /* 1193_14.png in Resources */,
				8B00E179222FF9C400FFF32E /* amazingSpiderman.jpg in Resources */,
				8B606DE8223BDC4100AD9048 /* DatePickerViewController.xib in Resources */,
				8B8E270B223A837A0067FA9D /* GlobantBB.gpx in Resources */,
				8B00E177222FF9BF00FFF32E /* unlimitedSpiderman.jpg in Resources */,
				8B11179F2238259000B8BFDE /* ComicStoryboard.storyboard in Resources */,
			);
			runOnlyForDeploymentPostprocessing = 0;
		};
		8B91B4C722271E2C00807E4D /* Resources */ = {
			isa = PBXResourcesBuildPhase;
			buildActionMask = 2147483647;
			files = (
			);
			runOnlyForDeploymentPostprocessing = 0;
		};
		8B91B4D222271E2C00807E4D /* Resources */ = {
			isa = PBXResourcesBuildPhase;
			buildActionMask = 2147483647;
			files = (
			);
			runOnlyForDeploymentPostprocessing = 0;
		};
/* End PBXResourcesBuildPhase section */

/* Begin PBXShellScriptBuildPhase section */
		1641FE5EDA7819D717C7FC31 /* [CP] Check Pods Manifest.lock */ = {
			isa = PBXShellScriptBuildPhase;
			buildActionMask = 2147483647;
			files = (
			);
			inputFileListPaths = (
			);
			inputPaths = (
				"${PODS_PODFILE_DIR_PATH}/Podfile.lock",
				"${PODS_ROOT}/Manifest.lock",
			);
			name = "[CP] Check Pods Manifest.lock";
			outputFileListPaths = (
			);
			outputPaths = (
				"$(DERIVED_FILE_DIR)/Pods-SuperheroesUITests-checkManifestLockResult.txt",
			);
			runOnlyForDeploymentPostprocessing = 0;
			shellPath = /bin/sh;
			shellScript = "diff \"${PODS_PODFILE_DIR_PATH}/Podfile.lock\" \"${PODS_ROOT}/Manifest.lock\" > /dev/null\nif [ $? != 0 ] ; then\n    # print error to STDERR\n    echo \"error: The sandbox is not in sync with the Podfile.lock. Run 'pod install' or update your CocoaPods installation.\" >&2\n    exit 1\nfi\n# This output is used by Xcode 'outputs' to avoid re-running this script phase.\necho \"SUCCESS\" > \"${SCRIPT_OUTPUT_FILE_0}\"\n";
			showEnvVarsInLog = 0;
		};
		1DCB0A9646F6677533D2117D /* [CP] Embed Pods Frameworks */ = {
			isa = PBXShellScriptBuildPhase;
			buildActionMask = 2147483647;
			files = (
			);
			inputFileListPaths = (
			);
			inputPaths = (
				"${PODS_ROOT}/Target Support Files/Pods-Superheroes/Pods-Superheroes-frameworks.sh",
				"${BUILT_PRODUCTS_DIR}/Alamofire/Alamofire.framework",
				"${BUILT_PRODUCTS_DIR}/SDWebImage/SDWebImage.framework",
				"${BUILT_PRODUCTS_DIR}/SwiftHash/SwiftHash.framework",
				"${BUILT_PRODUCTS_DIR}/SwiftyJSON/SwiftyJSON.framework",
			);
			name = "[CP] Embed Pods Frameworks";
			outputFileListPaths = (
			);
			outputPaths = (
				"${TARGET_BUILD_DIR}/${FRAMEWORKS_FOLDER_PATH}/Alamofire.framework",
				"${TARGET_BUILD_DIR}/${FRAMEWORKS_FOLDER_PATH}/SDWebImage.framework",
				"${TARGET_BUILD_DIR}/${FRAMEWORKS_FOLDER_PATH}/SwiftHash.framework",
				"${TARGET_BUILD_DIR}/${FRAMEWORKS_FOLDER_PATH}/SwiftyJSON.framework",
			);
			runOnlyForDeploymentPostprocessing = 0;
			shellPath = /bin/sh;
			shellScript = "\"${PODS_ROOT}/Target Support Files/Pods-Superheroes/Pods-Superheroes-frameworks.sh\"\n";
			showEnvVarsInLog = 0;
		};
		39666B6FB3580AC7B5386C8E /* [CP] Check Pods Manifest.lock */ = {
			isa = PBXShellScriptBuildPhase;
			buildActionMask = 2147483647;
			files = (
			);
			inputFileListPaths = (
			);
			inputPaths = (
				"${PODS_PODFILE_DIR_PATH}/Podfile.lock",
				"${PODS_ROOT}/Manifest.lock",
			);
			name = "[CP] Check Pods Manifest.lock";
			outputFileListPaths = (
			);
			outputPaths = (
				"$(DERIVED_FILE_DIR)/Pods-Superheroes-checkManifestLockResult.txt",
			);
			runOnlyForDeploymentPostprocessing = 0;
			shellPath = /bin/sh;
			shellScript = "diff \"${PODS_PODFILE_DIR_PATH}/Podfile.lock\" \"${PODS_ROOT}/Manifest.lock\" > /dev/null\nif [ $? != 0 ] ; then\n    # print error to STDERR\n    echo \"error: The sandbox is not in sync with the Podfile.lock. Run 'pod install' or update your CocoaPods installation.\" >&2\n    exit 1\nfi\n# This output is used by Xcode 'outputs' to avoid re-running this script phase.\necho \"SUCCESS\" > \"${SCRIPT_OUTPUT_FILE_0}\"\n";
			showEnvVarsInLog = 0;
		};
		530085C3820CAD629752F814 /* [CP] Check Pods Manifest.lock */ = {
			isa = PBXShellScriptBuildPhase;
			buildActionMask = 2147483647;
			files = (
			);
			inputFileListPaths = (
			);
			inputPaths = (
				"${PODS_PODFILE_DIR_PATH}/Podfile.lock",
				"${PODS_ROOT}/Manifest.lock",
			);
			name = "[CP] Check Pods Manifest.lock";
			outputFileListPaths = (
			);
			outputPaths = (
				"$(DERIVED_FILE_DIR)/Pods-SuperheroesTests-checkManifestLockResult.txt",
			);
			runOnlyForDeploymentPostprocessing = 0;
			shellPath = /bin/sh;
			shellScript = "diff \"${PODS_PODFILE_DIR_PATH}/Podfile.lock\" \"${PODS_ROOT}/Manifest.lock\" > /dev/null\nif [ $? != 0 ] ; then\n    # print error to STDERR\n    echo \"error: The sandbox is not in sync with the Podfile.lock. Run 'pod install' or update your CocoaPods installation.\" >&2\n    exit 1\nfi\n# This output is used by Xcode 'outputs' to avoid re-running this script phase.\necho \"SUCCESS\" > \"${SCRIPT_OUTPUT_FILE_0}\"\n";
			showEnvVarsInLog = 0;
		};
/* End PBXShellScriptBuildPhase section */

/* Begin PBXSourcesBuildPhase section */
		8B91B4B122271E2B00807E4D /* Sources */ = {
			isa = PBXSourcesBuildPhase;
			buildActionMask = 2147483647;
			files = (
				8B9F0DA822329D5D009E4E2C /* NetworkingClient.swift in Sources */,
				8B8E26FA223976460067FA9D /* CreatorDetailViewController.swift in Sources */,
				8B8E26EC223951E60067FA9D /* ComicManager.swift in Sources */,
				8B91B4BB22271E2B00807E4D /* CharactersDetailViewController.swift in Sources */,
				8B4E233A2229CA4B0037249F /* CharacterCollectionViewCell.swift in Sources */,
				8B93DF3F2231A38D006DE902 /* SuperheroManager.swift in Sources */,
				8B8E26F8223976320067FA9D /* CreatorCollectionViewController.swift in Sources */,
				8B8E26F4223971FF0067FA9D /* TabComicViewController.swift in Sources */,
				8B8E26FD223977A70067FA9D /* Creator.swift in Sources */,
				8B4E23382229B97E0037249F /* Comic.swift in Sources */,
				8B4E233E2229D5AB0037249F /* ComicModalViewController.swift in Sources */,
				8B8E2715223A893F0067FA9D /* StoreAnnotationsManager.swift in Sources */,
				8BE2728B22295E5A00B1F43E /* CharactersModalViewController.swift in Sources */,
				8BF2C02B22400CA700A0F609 /* MarvelAPIManager.swift in Sources */,
				8B8E27012239783D0067FA9D /* CreatorJSONParser.swift in Sources */,
				8B1117A4223828BD00B8BFDE /* CharacterWikiViewController.swift in Sources */,
				8B00E16F222FEEE600FFF32E /* ComicDetailViewController.swift in Sources */,
				8B91B4B922271E2B00807E4D /* AppDelegate.swift in Sources */,
				8B8E270422398CC10067FA9D /* CreatorCollectionViewCell.swift in Sources */,
				8B91CE8D22314F1C003E1C00 /* MarvelAPIHandler.swift in Sources */,
				8BCFA33A2232CF30007915F7 /* HeroJSONParser.swift in Sources */,
				8B0DE102223C4BCD00FE42EB /* Model.xcdatamodeld in Sources */,
				8B8E26E22239389D0067FA9D /* ComicCollectionViewController.swift in Sources */,
				8B8E26FF223978080067FA9D /* CreatorManager.swift in Sources */,
				8B8E26E822393CD60067FA9D /* ComicCollectionViewCell.swift in Sources */,
				8B535B1322287B80003E7CB0 /* CharacterCell.swift in Sources */,
				8B91B4FC2227241B00807E4D /* CharactersTableViewController.swift in Sources */,
				8B8E2710223A84AC0067FA9D /* StoreMapViewController.swift in Sources */,
				8B606DEB223BDCB100AD9048 /* DatePickerViewController.swift in Sources */,
				8B8E26EE223952850067FA9D /* ComicJSONParser.swift in Sources */,
				8B91B4EA22271FEA00807E4D /* Character.swift in Sources */,
				8B8E2713223A88680067FA9D /* StoreComicAnnotation.swift in Sources */,
			);
			runOnlyForDeploymentPostprocessing = 0;
		};
		8B91B4C522271E2C00807E4D /* Sources */ = {
			isa = PBXSourcesBuildPhase;
			buildActionMask = 2147483647;
			files = (
				8B91B4CE22271E2C00807E4D /* SuperheroesTests.swift in Sources */,
			);
			runOnlyForDeploymentPostprocessing = 0;
		};
		8B91B4D022271E2C00807E4D /* Sources */ = {
			isa = PBXSourcesBuildPhase;
			buildActionMask = 2147483647;
			files = (
				8B91B4D922271E2C00807E4D /* SuperheroesUITests.swift in Sources */,
			);
			runOnlyForDeploymentPostprocessing = 0;
		};
/* End PBXSourcesBuildPhase section */

/* Begin PBXTargetDependency section */
		8B91B4CB22271E2C00807E4D /* PBXTargetDependency */ = {
			isa = PBXTargetDependency;
			target = 8B91B4B422271E2B00807E4D /* Superheroes */;
			targetProxy = 8B91B4CA22271E2C00807E4D /* PBXContainerItemProxy */;
		};
		8B91B4D622271E2C00807E4D /* PBXTargetDependency */ = {
			isa = PBXTargetDependency;
			target = 8B91B4B422271E2B00807E4D /* Superheroes */;
			targetProxy = 8B91B4D522271E2C00807E4D /* PBXContainerItemProxy */;
		};
/* End PBXTargetDependency section */

/* Begin PBXVariantGroup section */
		8B11179D2238259000B8BFDE /* ComicStoryboard.storyboard */ = {
			isa = PBXVariantGroup;
			children = (
				8B11179E2238259000B8BFDE /* Base */,
			);
			name = ComicStoryboard.storyboard;
			sourceTree = "<group>";
		};
		8B8E2707223A80960067FA9D /* StoreMapStoryboard.storyboard */ = {
			isa = PBXVariantGroup;
			children = (
				8B8E2708223A80960067FA9D /* Base */,
			);
			name = StoreMapStoryboard.storyboard;
			sourceTree = "<group>";
		};
		8B91B4BC22271E2B00807E4D /* Main.storyboard */ = {
			isa = PBXVariantGroup;
			children = (
				8B91B4BD22271E2B00807E4D /* Base */,
			);
			name = Main.storyboard;
			sourceTree = "<group>";
		};
		8B91B4C122271E2C00807E4D /* LaunchScreen.storyboard */ = {
			isa = PBXVariantGroup;
			children = (
				8B91B4C222271E2C00807E4D /* Base */,
			);
			name = LaunchScreen.storyboard;
			sourceTree = "<group>";
		};
/* End PBXVariantGroup section */

/* Begin XCBuildConfiguration section */
		8B91B4DB22271E2C00807E4D /* Debug */ = {
			isa = XCBuildConfiguration;
			buildSettings = {
				ALWAYS_SEARCH_USER_PATHS = NO;
				CLANG_ANALYZER_NONNULL = YES;
				CLANG_ANALYZER_NUMBER_OBJECT_CONVERSION = YES_AGGRESSIVE;
				CLANG_CXX_LANGUAGE_STANDARD = "gnu++14";
				CLANG_CXX_LIBRARY = "libc++";
				CLANG_ENABLE_MODULES = YES;
				CLANG_ENABLE_OBJC_ARC = YES;
				CLANG_ENABLE_OBJC_WEAK = YES;
				CLANG_WARN_BLOCK_CAPTURE_AUTORELEASING = YES;
				CLANG_WARN_BOOL_CONVERSION = YES;
				CLANG_WARN_COMMA = YES;
				CLANG_WARN_CONSTANT_CONVERSION = YES;
				CLANG_WARN_DEPRECATED_OBJC_IMPLEMENTATIONS = YES;
				CLANG_WARN_DIRECT_OBJC_ISA_USAGE = YES_ERROR;
				CLANG_WARN_DOCUMENTATION_COMMENTS = YES;
				CLANG_WARN_EMPTY_BODY = YES;
				CLANG_WARN_ENUM_CONVERSION = YES;
				CLANG_WARN_INFINITE_RECURSION = YES;
				CLANG_WARN_INT_CONVERSION = YES;
				CLANG_WARN_NON_LITERAL_NULL_CONVERSION = YES;
				CLANG_WARN_OBJC_IMPLICIT_RETAIN_SELF = YES;
				CLANG_WARN_OBJC_LITERAL_CONVERSION = YES;
				CLANG_WARN_OBJC_ROOT_CLASS = YES_ERROR;
				CLANG_WARN_RANGE_LOOP_ANALYSIS = YES;
				CLANG_WARN_STRICT_PROTOTYPES = YES;
				CLANG_WARN_SUSPICIOUS_MOVE = YES;
				CLANG_WARN_UNGUARDED_AVAILABILITY = YES_AGGRESSIVE;
				CLANG_WARN_UNREACHABLE_CODE = YES;
				CLANG_WARN__DUPLICATE_METHOD_MATCH = YES;
				CODE_SIGN_IDENTITY = "iPhone Developer";
				COPY_PHASE_STRIP = NO;
				DEBUG_INFORMATION_FORMAT = dwarf;
				ENABLE_STRICT_OBJC_MSGSEND = YES;
				ENABLE_TESTABILITY = YES;
				GCC_C_LANGUAGE_STANDARD = gnu11;
				GCC_DYNAMIC_NO_PIC = NO;
				GCC_NO_COMMON_BLOCKS = YES;
				GCC_OPTIMIZATION_LEVEL = 0;
				GCC_PREPROCESSOR_DEFINITIONS = (
					"DEBUG=1",
					"$(inherited)",
				);
				GCC_WARN_64_TO_32_BIT_CONVERSION = YES;
				GCC_WARN_ABOUT_RETURN_TYPE = YES_ERROR;
				GCC_WARN_UNDECLARED_SELECTOR = YES;
				GCC_WARN_UNINITIALIZED_AUTOS = YES_AGGRESSIVE;
				GCC_WARN_UNUSED_FUNCTION = YES;
				GCC_WARN_UNUSED_VARIABLE = YES;
				IPHONEOS_DEPLOYMENT_TARGET = 12.1;
				MTL_ENABLE_DEBUG_INFO = INCLUDE_SOURCE;
				MTL_FAST_MATH = YES;
				ONLY_ACTIVE_ARCH = YES;
				SDKROOT = iphoneos;
				SWIFT_ACTIVE_COMPILATION_CONDITIONS = DEBUG;
				SWIFT_OPTIMIZATION_LEVEL = "-Onone";
			};
			name = Debug;
		};
		8B91B4DC22271E2C00807E4D /* Release */ = {
			isa = XCBuildConfiguration;
			buildSettings = {
				ALWAYS_SEARCH_USER_PATHS = NO;
				CLANG_ANALYZER_NONNULL = YES;
				CLANG_ANALYZER_NUMBER_OBJECT_CONVERSION = YES_AGGRESSIVE;
				CLANG_CXX_LANGUAGE_STANDARD = "gnu++14";
				CLANG_CXX_LIBRARY = "libc++";
				CLANG_ENABLE_MODULES = YES;
				CLANG_ENABLE_OBJC_ARC = YES;
				CLANG_ENABLE_OBJC_WEAK = YES;
				CLANG_WARN_BLOCK_CAPTURE_AUTORELEASING = YES;
				CLANG_WARN_BOOL_CONVERSION = YES;
				CLANG_WARN_COMMA = YES;
				CLANG_WARN_CONSTANT_CONVERSION = YES;
				CLANG_WARN_DEPRECATED_OBJC_IMPLEMENTATIONS = YES;
				CLANG_WARN_DIRECT_OBJC_ISA_USAGE = YES_ERROR;
				CLANG_WARN_DOCUMENTATION_COMMENTS = YES;
				CLANG_WARN_EMPTY_BODY = YES;
				CLANG_WARN_ENUM_CONVERSION = YES;
				CLANG_WARN_INFINITE_RECURSION = YES;
				CLANG_WARN_INT_CONVERSION = YES;
				CLANG_WARN_NON_LITERAL_NULL_CONVERSION = YES;
				CLANG_WARN_OBJC_IMPLICIT_RETAIN_SELF = YES;
				CLANG_WARN_OBJC_LITERAL_CONVERSION = YES;
				CLANG_WARN_OBJC_ROOT_CLASS = YES_ERROR;
				CLANG_WARN_RANGE_LOOP_ANALYSIS = YES;
				CLANG_WARN_STRICT_PROTOTYPES = YES;
				CLANG_WARN_SUSPICIOUS_MOVE = YES;
				CLANG_WARN_UNGUARDED_AVAILABILITY = YES_AGGRESSIVE;
				CLANG_WARN_UNREACHABLE_CODE = YES;
				CLANG_WARN__DUPLICATE_METHOD_MATCH = YES;
				CODE_SIGN_IDENTITY = "iPhone Developer";
				COPY_PHASE_STRIP = NO;
				DEBUG_INFORMATION_FORMAT = "dwarf-with-dsym";
				ENABLE_NS_ASSERTIONS = NO;
				ENABLE_STRICT_OBJC_MSGSEND = YES;
				GCC_C_LANGUAGE_STANDARD = gnu11;
				GCC_NO_COMMON_BLOCKS = YES;
				GCC_WARN_64_TO_32_BIT_CONVERSION = YES;
				GCC_WARN_ABOUT_RETURN_TYPE = YES_ERROR;
				GCC_WARN_UNDECLARED_SELECTOR = YES;
				GCC_WARN_UNINITIALIZED_AUTOS = YES_AGGRESSIVE;
				GCC_WARN_UNUSED_FUNCTION = YES;
				GCC_WARN_UNUSED_VARIABLE = YES;
				IPHONEOS_DEPLOYMENT_TARGET = 12.1;
				MTL_ENABLE_DEBUG_INFO = NO;
				MTL_FAST_MATH = YES;
				SDKROOT = iphoneos;
				SWIFT_COMPILATION_MODE = wholemodule;
				SWIFT_OPTIMIZATION_LEVEL = "-O";
				VALIDATE_PRODUCT = YES;
			};
			name = Release;
		};
		8B91B4DE22271E2C00807E4D /* Debug */ = {
			isa = XCBuildConfiguration;
			baseConfigurationReference = 8F206B5695B8EF978D664CBF /* Pods-Superheroes.debug.xcconfig */;
			buildSettings = {
				ASSETCATALOG_COMPILER_APPICON_NAME = AppIcon;
				CODE_SIGN_IDENTITY = "iPhone Developer";
				CODE_SIGN_STYLE = Automatic;
				DEVELOPMENT_TEAM = V36N5A5TWH;
				INFOPLIST_FILE = Superheroes/Info.plist;
				LD_RUNPATH_SEARCH_PATHS = (
					"$(inherited)",
					"@executable_path/Frameworks",
				);
				PRODUCT_BUNDLE_IDENTIFIER = Globant.Superheroes;
				PRODUCT_NAME = "$(TARGET_NAME)";
				PROVISIONING_PROFILE_SPECIFIER = "";
				SWIFT_VERSION = 4.2;
				TARGETED_DEVICE_FAMILY = "1,2";
			};
			name = Debug;
		};
		8B91B4DF22271E2C00807E4D /* Release */ = {
			isa = XCBuildConfiguration;
			baseConfigurationReference = 5A756AAD6C22CD9C03D3EA11 /* Pods-Superheroes.release.xcconfig */;
			buildSettings = {
				ASSETCATALOG_COMPILER_APPICON_NAME = AppIcon;
				CODE_SIGN_IDENTITY = "iPhone Developer";
				CODE_SIGN_STYLE = Automatic;
				DEVELOPMENT_TEAM = V36N5A5TWH;
				INFOPLIST_FILE = Superheroes/Info.plist;
				LD_RUNPATH_SEARCH_PATHS = (
					"$(inherited)",
					"@executable_path/Frameworks",
				);
				PRODUCT_BUNDLE_IDENTIFIER = Globant.Superheroes;
				PRODUCT_NAME = "$(TARGET_NAME)";
				PROVISIONING_PROFILE_SPECIFIER = "";
				SWIFT_VERSION = 4.2;
				TARGETED_DEVICE_FAMILY = "1,2";
			};
			name = Release;
		};
		8B91B4E122271E2C00807E4D /* Debug */ = {
			isa = XCBuildConfiguration;
			baseConfigurationReference = 0E7658E392CCBE1604DB2843 /* Pods-SuperheroesTests.debug.xcconfig */;
			buildSettings = {
				ALWAYS_EMBED_SWIFT_STANDARD_LIBRARIES = YES;
				BUNDLE_LOADER = "$(TEST_HOST)";
				CODE_SIGN_STYLE = Automatic;
				INFOPLIST_FILE = SuperheroesTests/Info.plist;
				LD_RUNPATH_SEARCH_PATHS = (
					"$(inherited)",
					"@executable_path/Frameworks",
					"@loader_path/Frameworks",
				);
				PRODUCT_BUNDLE_IDENTIFIER = Globant.SuperheroesTests;
				PRODUCT_NAME = "$(TARGET_NAME)";
				SWIFT_VERSION = 4.2;
				TARGETED_DEVICE_FAMILY = "1,2";
				TEST_HOST = "$(BUILT_PRODUCTS_DIR)/Superheroes.app/Superheroes";
			};
			name = Debug;
		};
		8B91B4E222271E2C00807E4D /* Release */ = {
			isa = XCBuildConfiguration;
			baseConfigurationReference = 4247DEDFC1D80097D7CD694D /* Pods-SuperheroesTests.release.xcconfig */;
			buildSettings = {
				ALWAYS_EMBED_SWIFT_STANDARD_LIBRARIES = YES;
				BUNDLE_LOADER = "$(TEST_HOST)";
				CODE_SIGN_STYLE = Automatic;
				INFOPLIST_FILE = SuperheroesTests/Info.plist;
				LD_RUNPATH_SEARCH_PATHS = (
					"$(inherited)",
					"@executable_path/Frameworks",
					"@loader_path/Frameworks",
				);
				PRODUCT_BUNDLE_IDENTIFIER = Globant.SuperheroesTests;
				PRODUCT_NAME = "$(TARGET_NAME)";
				SWIFT_VERSION = 4.2;
				TARGETED_DEVICE_FAMILY = "1,2";
				TEST_HOST = "$(BUILT_PRODUCTS_DIR)/Superheroes.app/Superheroes";
			};
			name = Release;
		};
		8B91B4E422271E2C00807E4D /* Debug */ = {
			isa = XCBuildConfiguration;
			baseConfigurationReference = A0046E2905DF0806629BCCFB /* Pods-SuperheroesUITests.debug.xcconfig */;
			buildSettings = {
				ALWAYS_EMBED_SWIFT_STANDARD_LIBRARIES = YES;
				CODE_SIGN_STYLE = Automatic;
				INFOPLIST_FILE = SuperheroesUITests/Info.plist;
				LD_RUNPATH_SEARCH_PATHS = (
					"$(inherited)",
					"@executable_path/Frameworks",
					"@loader_path/Frameworks",
				);
				PRODUCT_BUNDLE_IDENTIFIER = Globant.SuperheroesUITests;
				PRODUCT_NAME = "$(TARGET_NAME)";
				SWIFT_VERSION = 4.2;
				TARGETED_DEVICE_FAMILY = "1,2";
				TEST_TARGET_NAME = Superheroes;
			};
			name = Debug;
		};
		8B91B4E522271E2C00807E4D /* Release */ = {
			isa = XCBuildConfiguration;
			baseConfigurationReference = 8D339BEDFCCA7B0230D31730 /* Pods-SuperheroesUITests.release.xcconfig */;
			buildSettings = {
				ALWAYS_EMBED_SWIFT_STANDARD_LIBRARIES = YES;
				CODE_SIGN_STYLE = Automatic;
				INFOPLIST_FILE = SuperheroesUITests/Info.plist;
				LD_RUNPATH_SEARCH_PATHS = (
					"$(inherited)",
					"@executable_path/Frameworks",
					"@loader_path/Frameworks",
				);
				PRODUCT_BUNDLE_IDENTIFIER = Globant.SuperheroesUITests;
				PRODUCT_NAME = "$(TARGET_NAME)";
				SWIFT_VERSION = 4.2;
				TARGETED_DEVICE_FAMILY = "1,2";
				TEST_TARGET_NAME = Superheroes;
			};
			name = Release;
		};
/* End XCBuildConfiguration section */

/* Begin XCConfigurationList section */
		8B91B4B022271E2B00807E4D /* Build configuration list for PBXProject "Superheroes" */ = {
			isa = XCConfigurationList;
			buildConfigurations = (
				8B91B4DB22271E2C00807E4D /* Debug */,
				8B91B4DC22271E2C00807E4D /* Release */,
			);
			defaultConfigurationIsVisible = 0;
			defaultConfigurationName = Release;
		};
		8B91B4DD22271E2C00807E4D /* Build configuration list for PBXNativeTarget "Superheroes" */ = {
			isa = XCConfigurationList;
			buildConfigurations = (
				8B91B4DE22271E2C00807E4D /* Debug */,
				8B91B4DF22271E2C00807E4D /* Release */,
			);
			defaultConfigurationIsVisible = 0;
			defaultConfigurationName = Release;
		};
		8B91B4E022271E2C00807E4D /* Build configuration list for PBXNativeTarget "SuperheroesTests" */ = {
			isa = XCConfigurationList;
			buildConfigurations = (
				8B91B4E122271E2C00807E4D /* Debug */,
				8B91B4E222271E2C00807E4D /* Release */,
			);
			defaultConfigurationIsVisible = 0;
			defaultConfigurationName = Release;
		};
		8B91B4E322271E2C00807E4D /* Build configuration list for PBXNativeTarget "SuperheroesUITests" */ = {
			isa = XCConfigurationList;
			buildConfigurations = (
				8B91B4E422271E2C00807E4D /* Debug */,
				8B91B4E522271E2C00807E4D /* Release */,
			);
			defaultConfigurationIsVisible = 0;
			defaultConfigurationName = Release;
		};
/* End XCConfigurationList section */

/* Begin XCVersionGroup section */
		8B0DE100223C4BCD00FE42EB /* Model.xcdatamodeld */ = {
			isa = XCVersionGroup;
			children = (
				8B0DE101223C4BCD00FE42EB /* Model.xcdatamodel */,
			);
			currentVersion = 8B0DE101223C4BCD00FE42EB /* Model.xcdatamodel */;
			path = Model.xcdatamodeld;
			sourceTree = "<group>";
			versionGroupType = wrapper.xcdatamodel;
		};
/* End XCVersionGroup section */
	};
	rootObject = 8B91B4AD22271E2B00807E4D /* Project object */;
}
