// !$*UTF8*$!
{
	archiveVersion = 1;
	classes = {
	};
	objectVersion = 50;
	objects = {

/* Begin PBXBuildFile section */
		8B91B4B922271E2B00807E4D /* AppDelegate.swift in Sources */ = {isa = PBXBuildFile; fileRef = 8B91B4B822271E2B00807E4D /* AppDelegate.swift */; };
		8B91B4BB22271E2B00807E4D /* ViewController.swift in Sources */ = {isa = PBXBuildFile; fileRef = 8B91B4BA22271E2B00807E4D /* ViewController.swift */; };
		8B91B4BE22271E2B00807E4D /* Main.storyboard in Resources */ = {isa = PBXBuildFile; fileRef = 8B91B4BC22271E2B00807E4D /* Main.storyboard */; };
		8B91B4C022271E2C00807E4D /* Assets.xcassets in Resources */ = {isa = PBXBuildFile; fileRef = 8B91B4BF22271E2C00807E4D /* Assets.xcassets */; };
		8B91B4C322271E2C00807E4D /* LaunchScreen.storyboard in Resources */ = {isa = PBXBuildFile; fileRef = 8B91B4C122271E2C00807E4D /* LaunchScreen.storyboard */; };
		8B91B4CE22271E2C00807E4D /* SuperheroesTests.swift in Sources */ = {isa = PBXBuildFile; fileRef = 8B91B4CD22271E2C00807E4D /* SuperheroesTests.swift */; };
		8B91B4D922271E2C00807E4D /* SuperheroesUITests.swift in Sources */ = {isa = PBXBuildFile; fileRef = 8B91B4D822271E2C00807E4D /* SuperheroesUITests.swift */; };
/* End PBXBuildFile section */

/* Begin PBXContainerItemProxy section */
		8B91B4CA22271E2C00807E4D /* PBXContainerItemProxy */ = {
			isa = PBXContainerItemProxy;
			containerPortal = 8B91B4AD22271E2B00807E4D /* Project object */;
			proxyType = 1;
			remoteGlobalIDString = 8B91B4B422271E2B00807E4D;
			remoteInfo = Superheroes;
		};
		8B91B4D522271E2C00807E4D /* PBXContainerItemProxy */ = {
			isa = PBXContainerItemProxy;
			containerPortal = 8B91B4AD22271E2B00807E4D /* Project object */;
			proxyType = 1;
			remoteGlobalIDString = 8B91B4B422271E2B00807E4D;
			remoteInfo = Superheroes;
		};
/* End PBXContainerItemProxy section */

/* Begin PBXFileReference section */
		8B91B4B522271E2B00807E4D /* Superheroes.app */ = {isa = PBXFileReference; explicitFileType = wrapper.application; includeInIndex = 0; path = Superheroes.app; sourceTree = BUILT_PRODUCTS_DIR; };
		8B91B4B822271E2B00807E4D /* AppDelegate.swift */ = {isa = PBXFileReference; lastKnownFileType = sourcecode.swift; path = AppDelegate.swift; sourceTree = "<group>"; };
		8B91B4BA22271E2B00807E4D /* ViewController.swift */ = {isa = PBXFileReference; lastKnownFileType = sourcecode.swift; path = ViewController.swift; sourceTree = "<group>"; };
		8B91B4BD22271E2B00807E4D /* Base */ = {isa = PBXFileReference; lastKnownFileType = file.storyboard; name = Base; path = Base.lproj/Main.storyboard; sourceTree = "<group>"; };
		8B91B4BF22271E2C00807E4D /* Assets.xcassets */ = {isa = PBXFileReference; lastKnownFileType = folder.assetcatalog; path = Assets.xcassets; sourceTree = "<group>"; };
		8B91B4C222271E2C00807E4D /* Base */ = {isa = PBXFileReference; lastKnownFileType = file.storyboard; name = Base; path = Base.lproj/LaunchScreen.storyboard; sourceTree = "<group>"; };
		8B91B4C422271E2C00807E4D /* Info.plist */ = {isa = PBXFileReference; lastKnownFileType = text.plist.xml; path = Info.plist; sourceTree = "<group>"; };
		8B91B4C922271E2C00807E4D /* SuperheroesTests.xctest */ = {isa = PBXFileReference; explicitFileType = wrapper.cfbundle; includeInIndex = 0; path = SuperheroesTests.xctest; sourceTree = BUILT_PRODUCTS_DIR; };
		8B91B4CD22271E2C00807E4D /* SuperheroesTests.swift */ = {isa = PBXFileReference; lastKnownFileType = sourcecode.swift; path = SuperheroesTests.swift; sourceTree = "<group>"; };
		8B91B4CF22271E2C00807E4D /* Info.plist */ = {isa = PBXFileReference; lastKnownFileType = text.plist.xml; path = Info.plist; sourceTree = "<group>"; };
		8B91B4D422271E2C00807E4D /* SuperheroesUITests.xctest */ = {isa = PBXFileReference; explicitFileType = wrapper.cfbundle; includeInIndex = 0; path = SuperheroesUITests.xctest; sourceTree = BUILT_PRODUCTS_DIR; };
		8B91B4D822271E2C00807E4D /* SuperheroesUITests.swift */ = {isa = PBXFileReference; lastKnownFileType = sourcecode.swift; path = SuperheroesUITests.swift; sourceTree = "<group>"; };
		8B91B4DA22271E2C00807E4D /* Info.plist */ = {isa = PBXFileReference; lastKnownFileType = text.plist.xml; path = Info.plist; sourceTree = "<group>"; };
/* End PBXFileReference section */

/* Begin PBXFrameworksBuildPhase section */
		8B91B4B222271E2B00807E4D /* Frameworks */ = {
			isa = PBXFrameworksBuildPhase;
			buildActionMask = 2147483647;
			files = (
			);
			runOnlyForDeploymentPostprocessing = 0;
		};
		8B91B4C622271E2C00807E4D /* Frameworks */ = {
			isa = PBXFrameworksBuildPhase;
			buildActionMask = 2147483647;
			files = (
			);
			runOnlyForDeploymentPostprocessing = 0;
		};
		8B91B4D122271E2C00807E4D /* Frameworks */ = {
			isa = PBXFrameworksBuildPhase;
			buildActionMask = 2147483647;
			files = (
			);
			runOnlyForDeploymentPostprocessing = 0;
		};
/* End PBXFrameworksBuildPhase section */

/* Begin PBXGroup section */
		8B91B4AC22271E2B00807E4D = {
			isa = PBXGroup;
			children = (
				8B91B4B722271E2B00807E4D /* Superheroes */,
				8B91B4CC22271E2C00807E4D /* SuperheroesTests */,
				8B91B4D722271E2C00807E4D /* SuperheroesUITests */,
				8B91B4B622271E2B00807E4D /* Products */,
			);
			sourceTree = "<group>";
		};
		8B91B4B622271E2B00807E4D /* Products */ = {
			isa = PBXGroup;
			children = (
				8B91B4B522271E2B00807E4D /* Superheroes.app */,
				8B91B4C922271E2C00807E4D /* SuperheroesTests.xctest */,
				8B91B4D422271E2C00807E4D /* SuperheroesUITests.xctest */,
			);
			name = Products;
			sourceTree = "<group>";
		};
		8B91B4B722271E2B00807E4D /* Superheroes */ = {
			isa = PBXGroup;
			children = (
				8B91B4B822271E2B00807E4D /* AppDelegate.swift */,
				8B91B4BA22271E2B00807E4D /* ViewController.swift */,
				8B91B4BC22271E2B00807E4D /* Main.storyboard */,
				8B91B4BF22271E2C00807E4D /* Assets.xcassets */,
				8B91B4C122271E2C00807E4D /* LaunchScreen.storyboard */,
				8B91B4C422271E2C00807E4D /* Info.plist */,
			);
			path = Superheroes;
			sourceTree = "<group>";
		};
		8B91B4CC22271E2C00807E4D /* SuperheroesTests */ = {
			isa = PBXGroup;
			children = (
				8B91B4CD22271E2C00807E4D /* SuperheroesTests.swift */,
				8B91B4CF22271E2C00807E4D /* Info.plist */,
			);
			path = SuperheroesTests;
			sourceTree = "<group>";
		};
		8B91B4D722271E2C00807E4D /* SuperheroesUITests */ = {
			isa = PBXGroup;
			children = (
				8B91B4D822271E2C00807E4D /* SuperheroesUITests.swift */,
				8B91B4DA22271E2C00807E4D /* Info.plist */,
			);
			path = SuperheroesUITests;
			sourceTree = "<group>";
		};
/* End PBXGroup section */

/* Begin PBXNativeTarget section */
		8B91B4B422271E2B00807E4D /* Superheroes */ = {
			isa = PBXNativeTarget;
			buildConfigurationList = 8B91B4DD22271E2C00807E4D /* Build configuration list for PBXNativeTarget "Superheroes" */;
			buildPhases = (
				8B91B4B122271E2B00807E4D /* Sources */,
				8B91B4B222271E2B00807E4D /* Frameworks */,
				8B91B4B322271E2B00807E4D /* Resources */,
			);
			buildRules = (
			);
			dependencies = (
			);
			name = Superheroes;
			productName = Superheroes;
			productReference = 8B91B4B522271E2B00807E4D /* Superheroes.app */;
			productType = "com.apple.product-type.application";
		};
		8B91B4C822271E2C00807E4D /* SuperheroesTests */ = {
			isa = PBXNativeTarget;
			buildConfigurationList = 8B91B4E022271E2C00807E4D /* Build configuration list for PBXNativeTarget "SuperheroesTests" */;
			buildPhases = (
				8B91B4C522271E2C00807E4D /* Sources */,
				8B91B4C622271E2C00807E4D /* Frameworks */,
				8B91B4C722271E2C00807E4D /* Resources */,
			);
			buildRules = (
			);
			dependencies = (
				8B91B4CB22271E2C00807E4D /* PBXTargetDependency */,
			);
			name = SuperheroesTests;
			productName = SuperheroesTests;
			productReference = 8B91B4C922271E2C00807E4D /* SuperheroesTests.xctest */;
			productType = "com.apple.product-type.bundle.unit-test";
		};
		8B91B4D322271E2C00807E4D /* SuperheroesUITests */ = {
			isa = PBXNativeTarget;
			buildConfigurationList = 8B91B4E322271E2C00807E4D /* Build configuration list for PBXNativeTarget "SuperheroesUITests" */;
			buildPhases = (
				8B91B4D022271E2C00807E4D /* Sources */,
				8B91B4D122271E2C00807E4D /* Frameworks */,
				8B91B4D222271E2C00807E4D /* Resources */,
			);
			buildRules = (
			);
			dependencies = (
				8B91B4D622271E2C00807E4D /* PBXTargetDependency */,
			);
			name = SuperheroesUITests;
			productName = SuperheroesUITests;
			productReference = 8B91B4D422271E2C00807E4D /* SuperheroesUITests.xctest */;
			productType = "com.apple.product-type.bundle.ui-testing";
		};
/* End PBXNativeTarget section */

/* Begin PBXProject section */
		8B91B4AD22271E2B00807E4D /* Project object */ = {
			isa = PBXProject;
			attributes = {
				LastSwiftUpdateCheck = 1010;
				LastUpgradeCheck = 1010;
				ORGANIZATIONNAME = "Tomas Mateo Perotti";
				TargetAttributes = {
					8B91B4B422271E2B00807E4D = {
						CreatedOnToolsVersion = 10.1;
					};
					8B91B4C822271E2C00807E4D = {
						CreatedOnToolsVersion = 10.1;
						TestTargetID = 8B91B4B422271E2B00807E4D;
					};
					8B91B4D322271E2C00807E4D = {
						CreatedOnToolsVersion = 10.1;
						TestTargetID = 8B91B4B422271E2B00807E4D;
					};
				};
			};
			buildConfigurationList = 8B91B4B022271E2B00807E4D /* Build configuration list for PBXProject "Superheroes" */;
			compatibilityVersion = "Xcode 9.3";
			developmentRegion = en;
			hasScannedForEncodings = 0;
			knownRegions = (
				en,
				Base,
			);
			mainGroup = 8B91B4AC22271E2B00807E4D;
			productRefGroup = 8B91B4B622271E2B00807E4D /* Products */;
			projectDirPath = "";
			projectRoot = "";
			targets = (
				8B91B4B422271E2B00807E4D /* Superheroes */,
				8B91B4C822271E2C00807E4D /* SuperheroesTests */,
				8B91B4D322271E2C00807E4D /* SuperheroesUITests */,
			);
		};
/* End PBXProject section */

/* Begin PBXResourcesBuildPhase section */
		8B91B4B322271E2B00807E4D /* Resources */ = {
			isa = PBXResourcesBuildPhase;
			buildActionMask = 2147483647;
			files = (
				8B91B4C322271E2C00807E4D /* LaunchScreen.storyboard in Resources */,
				8B91B4C022271E2C00807E4D /* Assets.xcassets in Resources */,
				8B91B4BE22271E2B00807E4D /* Main.storyboard in Resources */,
			);
			runOnlyForDeploymentPostprocessing = 0;
		};
		8B91B4C722271E2C00807E4D /* Resources */ = {
			isa = PBXResourcesBuildPhase;
			buildActionMask = 2147483647;
			files = (
			);
			runOnlyForDeploymentPostprocessing = 0;
		};
		8B91B4D222271E2C00807E4D /* Resources */ = {
			isa = PBXResourcesBuildPhase;
			buildActionMask = 2147483647;
			files = (
			);
			runOnlyForDeploymentPostprocessing = 0;
		};
/* End PBXResourcesBuildPhase section */

/* Begin PBXSourcesBuildPhase section */
		8B91B4B122271E2B00807E4D /* Sources */ = {
			isa = PBXSourcesBuildPhase;
			buildActionMask = 2147483647;
			files = (
				8B91B4BB22271E2B00807E4D /* ViewController.swift in Sources */,
				8B91B4B922271E2B00807E4D /* AppDelegate.swift in Sources */,
			);
			runOnlyForDeploymentPostprocessing = 0;
		};
		8B91B4C522271E2C00807E4D /* Sources */ = {
			isa = PBXSourcesBuildPhase;
			buildActionMask = 2147483647;
			files = (
				8B91B4CE22271E2C00807E4D /* SuperheroesTests.swift in Sources */,
			);
			runOnlyForDeploymentPostprocessing = 0;
		};
		8B91B4D022271E2C00807E4D /* Sources */ = {
			isa = PBXSourcesBuildPhase;
			buildActionMask = 2147483647;
			files = (
				8B91B4D922271E2C00807E4D /* SuperheroesUITests.swift in Sources */,
			);
			runOnlyForDeploymentPostprocessing = 0;
		};
/* End PBXSourcesBuildPhase section */

/* Begin PBXTargetDependency section */
		8B91B4CB22271E2C00807E4D /* PBXTargetDependency */ = {
			isa = PBXTargetDependency;
			target = 8B91B4B422271E2B00807E4D /* Superheroes */;
			targetProxy = 8B91B4CA22271E2C00807E4D /* PBXContainerItemProxy */;
		};
		8B91B4D622271E2C00807E4D /* PBXTargetDependency */ = {
			isa = PBXTargetDependency;
			target = 8B91B4B422271E2B00807E4D /* Superheroes */;
			targetProxy = 8B91B4D522271E2C00807E4D /* PBXContainerItemProxy */;
		};
/* End PBXTargetDependency section */

/* Begin PBXVariantGroup section */
		8B91B4BC22271E2B00807E4D /* Main.storyboard */ = {
			isa = PBXVariantGroup;
			children = (
				8B91B4BD22271E2B00807E4D /* Base */,
			);
			name = Main.storyboard;
			sourceTree = "<group>";
		};
		8B91B4C122271E2C00807E4D /* LaunchScreen.storyboard */ = {
			isa = PBXVariantGroup;
			children = (
				8B91B4C222271E2C00807E4D /* Base */,
			);
			name = LaunchScreen.storyboard;
			sourceTree = "<group>";
		};
/* End PBXVariantGroup section */

/* Begin XCBuildConfiguration section */
		8B91B4DB22271E2C00807E4D /* Debug */ = {
			isa = XCBuildConfiguration;
			buildSettings = {
				ALWAYS_SEARCH_USER_PATHS = NO;
				CLANG_ANALYZER_NONNULL = YES;
				CLANG_ANALYZER_NUMBER_OBJECT_CONVERSION = YES_AGGRESSIVE;
				CLANG_CXX_LANGUAGE_STANDARD = "gnu++14";
				CLANG_CXX_LIBRARY = "libc++";
				CLANG_ENABLE_MODULES = YES;
				CLANG_ENABLE_OBJC_ARC = YES;
				CLANG_ENABLE_OBJC_WEAK = YES;
				CLANG_WARN_BLOCK_CAPTURE_AUTORELEASING = YES;
				CLANG_WARN_BOOL_CONVERSION = YES;
				CLANG_WARN_COMMA = YES;
				CLANG_WARN_CONSTANT_CONVERSION = YES;
				CLANG_WARN_DEPRECATED_OBJC_IMPLEMENTATIONS = YES;
				CLANG_WARN_DIRECT_OBJC_ISA_USAGE = YES_ERROR;
				CLANG_WARN_DOCUMENTATION_COMMENTS = YES;
				CLANG_WARN_EMPTY_BODY = YES;
				CLANG_WARN_ENUM_CONVERSION = YES;
				CLANG_WARN_INFINITE_RECURSION = YES;
				CLANG_WARN_INT_CONVERSION = YES;
				CLANG_WARN_NON_LITERAL_NULL_CONVERSION = YES;
				CLANG_WARN_OBJC_IMPLICIT_RETAIN_SELF = YES;
				CLANG_WARN_OBJC_LITERAL_CONVERSION = YES;
				CLANG_WARN_OBJC_ROOT_CLASS = YES_ERROR;
				CLANG_WARN_RANGE_LOOP_ANALYSIS = YES;
				CLANG_WARN_STRICT_PROTOTYPES = YES;
				CLANG_WARN_SUSPICIOUS_MOVE = YES;
				CLANG_WARN_UNGUARDED_AVAILABILITY = YES_AGGRESSIVE;
				CLANG_WARN_UNREACHABLE_CODE = YES;
				CLANG_WARN__DUPLICATE_METHOD_MATCH = YES;
				CODE_SIGN_IDENTITY = "iPhone Developer";
				COPY_PHASE_STRIP = NO;
				DEBUG_INFORMATION_FORMAT = dwarf;
				ENABLE_STRICT_OBJC_MSGSEND = YES;
				ENABLE_TESTABILITY = YES;
				GCC_C_LANGUAGE_STANDARD = gnu11;
				GCC_DYNAMIC_NO_PIC = NO;
				GCC_NO_COMMON_BLOCKS = YES;
				GCC_OPTIMIZATION_LEVEL = 0;
				GCC_PREPROCESSOR_DEFINITIONS = (
					"DEBUG=1",
					"$(inherited)",
				);
				GCC_WARN_64_TO_32_BIT_CONVERSION = YES;
				GCC_WARN_ABOUT_RETURN_TYPE = YES_ERROR;
				GCC_WARN_UNDECLARED_SELECTOR = YES;
				GCC_WARN_UNINITIALIZED_AUTOS = YES_AGGRESSIVE;
				GCC_WARN_UNUSED_FUNCTION = YES;
				GCC_WARN_UNUSED_VARIABLE = YES;
				IPHONEOS_DEPLOYMENT_TARGET = 12.1;
				MTL_ENABLE_DEBUG_INFO = INCLUDE_SOURCE;
				MTL_FAST_MATH = YES;
				ONLY_ACTIVE_ARCH = YES;
				SDKROOT = iphoneos;
				SWIFT_ACTIVE_COMPILATION_CONDITIONS = DEBUG;
				SWIFT_OPTIMIZATION_LEVEL = "-Onone";
			};
			name = Debug;
		};
		8B91B4DC22271E2C00807E4D /* Release */ = {
			isa = XCBuildConfiguration;
			buildSettings = {
				ALWAYS_SEARCH_USER_PATHS = NO;
				CLANG_ANALYZER_NONNULL = YES;
				CLANG_ANALYZER_NUMBER_OBJECT_CONVERSION = YES_AGGRESSIVE;
				CLANG_CXX_LANGUAGE_STANDARD = "gnu++14";
				CLANG_CXX_LIBRARY = "libc++";
				CLANG_ENABLE_MODULES = YES;
				CLANG_ENABLE_OBJC_ARC = YES;
				CLANG_ENABLE_OBJC_WEAK = YES;
				CLANG_WARN_BLOCK_CAPTURE_AUTORELEASING = YES;
				CLANG_WARN_BOOL_CONVERSION = YES;
				CLANG_WARN_COMMA = YES;
				CLANG_WARN_CONSTANT_CONVERSION = YES;
				CLANG_WARN_DEPRECATED_OBJC_IMPLEMENTATIONS = YES;
				CLANG_WARN_DIRECT_OBJC_ISA_USAGE = YES_ERROR;
				CLANG_WARN_DOCUMENTATION_COMMENTS = YES;
				CLANG_WARN_EMPTY_BODY = YES;
				CLANG_WARN_ENUM_CONVERSION = YES;
				CLANG_WARN_INFINITE_RECURSION = YES;
				CLANG_WARN_INT_CONVERSION = YES;
				CLANG_WARN_NON_LITERAL_NULL_CONVERSION = YES;
				CLANG_WARN_OBJC_IMPLICIT_RETAIN_SELF = YES;
				CLANG_WARN_OBJC_LITERAL_CONVERSION = YES;
				CLANG_WARN_OBJC_ROOT_CLASS = YES_ERROR;
				CLANG_WARN_RANGE_LOOP_ANALYSIS = YES;
				CLANG_WARN_STRICT_PROTOTYPES = YES;
				CLANG_WARN_SUSPICIOUS_MOVE = YES;
				CLANG_WARN_UNGUARDED_AVAILABILITY = YES_AGGRESSIVE;
				CLANG_WARN_UNREACHABLE_CODE = YES;
				CLANG_WARN__DUPLICATE_METHOD_MATCH = YES;
				CODE_SIGN_IDENTITY = "iPhone Developer";
				COPY_PHASE_STRIP = NO;
				DEBUG_INFORMATION_FORMAT = "dwarf-with-dsym";
				ENABLE_NS_ASSERTIONS = NO;
				ENABLE_STRICT_OBJC_MSGSEND = YES;
				GCC_C_LANGUAGE_STANDARD = gnu11;
				GCC_NO_COMMON_BLOCKS = YES;
				GCC_WARN_64_TO_32_BIT_CONVERSION = YES;
				GCC_WARN_ABOUT_RETURN_TYPE = YES_ERROR;
				GCC_WARN_UNDECLARED_SELECTOR = YES;
				GCC_WARN_UNINITIALIZED_AUTOS = YES_AGGRESSIVE;
				GCC_WARN_UNUSED_FUNCTION = YES;
				GCC_WARN_UNUSED_VARIABLE = YES;
				IPHONEOS_DEPLOYMENT_TARGET = 12.1;
				MTL_ENABLE_DEBUG_INFO = NO;
				MTL_FAST_MATH = YES;
				SDKROOT = iphoneos;
				SWIFT_COMPILATION_MODE = wholemodule;
				SWIFT_OPTIMIZATION_LEVEL = "-O";
				VALIDATE_PRODUCT = YES;
			};
			name = Release;
		};
		8B91B4DE22271E2C00807E4D /* Debug */ = {
			isa = XCBuildConfiguration;
			buildSettings = {
				ASSETCATALOG_COMPILER_APPICON_NAME = AppIcon;
				CODE_SIGN_STYLE = Automatic;
				INFOPLIST_FILE = Superheroes/Info.plist;
				LD_RUNPATH_SEARCH_PATHS = (
					"$(inherited)",
					"@executable_path/Frameworks",
				);
				PRODUCT_BUNDLE_IDENTIFIER = Globant.Superheroes;
				PRODUCT_NAME = "$(TARGET_NAME)";
				SWIFT_VERSION = 4.2;
				TARGETED_DEVICE_FAMILY = "1,2";
			};
			name = Debug;
		};
		8B91B4DF22271E2C00807E4D /* Release */ = {
			isa = XCBuildConfiguration;
			buildSettings = {
				ASSETCATALOG_COMPILER_APPICON_NAME = AppIcon;
				CODE_SIGN_STYLE = Automatic;
				INFOPLIST_FILE = Superheroes/Info.plist;
				LD_RUNPATH_SEARCH_PATHS = (
					"$(inherited)",
					"@executable_path/Frameworks",
				);
				PRODUCT_BUNDLE_IDENTIFIER = Globant.Superheroes;
				PRODUCT_NAME = "$(TARGET_NAME)";
				SWIFT_VERSION = 4.2;
				TARGETED_DEVICE_FAMILY = "1,2";
			};
			name = Release;
		};
		8B91B4E122271E2C00807E4D /* Debug */ = {
			isa = XCBuildConfiguration;
			buildSettings = {
				ALWAYS_EMBED_SWIFT_STANDARD_LIBRARIES = YES;
				BUNDLE_LOADER = "$(TEST_HOST)";
				CODE_SIGN_STYLE = Automatic;
				INFOPLIST_FILE = SuperheroesTests/Info.plist;
				LD_RUNPATH_SEARCH_PATHS = (
					"$(inherited)",
					"@executable_path/Frameworks",
					"@loader_path/Frameworks",
				);
				PRODUCT_BUNDLE_IDENTIFIER = Globant.SuperheroesTests;
				PRODUCT_NAME = "$(TARGET_NAME)";
				SWIFT_VERSION = 4.2;
				TARGETED_DEVICE_FAMILY = "1,2";
				TEST_HOST = "$(BUILT_PRODUCTS_DIR)/Superheroes.app/Superheroes";
			};
			name = Debug;
		};
		8B91B4E222271E2C00807E4D /* Release */ = {
			isa = XCBuildConfiguration;
			buildSettings = {
				ALWAYS_EMBED_SWIFT_STANDARD_LIBRARIES = YES;
				BUNDLE_LOADER = "$(TEST_HOST)";
				CODE_SIGN_STYLE = Automatic;
				INFOPLIST_FILE = SuperheroesTests/Info.plist;
				LD_RUNPATH_SEARCH_PATHS = (
					"$(inherited)",
					"@executable_path/Frameworks",
					"@loader_path/Frameworks",
				);
				PRODUCT_BUNDLE_IDENTIFIER = Globant.SuperheroesTests;
				PRODUCT_NAME = "$(TARGET_NAME)";
				SWIFT_VERSION = 4.2;
				TARGETED_DEVICE_FAMILY = "1,2";
				TEST_HOST = "$(BUILT_PRODUCTS_DIR)/Superheroes.app/Superheroes";
			};
			name = Release;
		};
		8B91B4E422271E2C00807E4D /* Debug */ = {
			isa = XCBuildConfiguration;
			buildSettings = {
				ALWAYS_EMBED_SWIFT_STANDARD_LIBRARIES = YES;
				CODE_SIGN_STYLE = Automatic;
				INFOPLIST_FILE = SuperheroesUITests/Info.plist;
				LD_RUNPATH_SEARCH_PATHS = (
					"$(inherited)",
					"@executable_path/Frameworks",
					"@loader_path/Frameworks",
				);
				PRODUCT_BUNDLE_IDENTIFIER = Globant.SuperheroesUITests;
				PRODUCT_NAME = "$(TARGET_NAME)";
				SWIFT_VERSION = 4.2;
				TARGETED_DEVICE_FAMILY = "1,2";
				TEST_TARGET_NAME = Superheroes;
			};
			name = Debug;
		};
		8B91B4E522271E2C00807E4D /* Release */ = {
			isa = XCBuildConfiguration;
			buildSettings = {
				ALWAYS_EMBED_SWIFT_STANDARD_LIBRARIES = YES;
				CODE_SIGN_STYLE = Automatic;
				INFOPLIST_FILE = SuperheroesUITests/Info.plist;
				LD_RUNPATH_SEARCH_PATHS = (
					"$(inherited)",
					"@executable_path/Frameworks",
					"@loader_path/Frameworks",
				);
				PRODUCT_BUNDLE_IDENTIFIER = Globant.SuperheroesUITests;
				PRODUCT_NAME = "$(TARGET_NAME)";
				SWIFT_VERSION = 4.2;
				TARGETED_DEVICE_FAMILY = "1,2";
				TEST_TARGET_NAME = Superheroes;
			};
			name = Release;
		};
/* End XCBuildConfiguration section */

/* Begin XCConfigurationList section */
		8B91B4B022271E2B00807E4D /* Build configuration list for PBXProject "Superheroes" */ = {
			isa = XCConfigurationList;
			buildConfigurations = (
				8B91B4DB22271E2C00807E4D /* Debug */,
				8B91B4DC22271E2C00807E4D /* Release */,
			);
			defaultConfigurationIsVisible = 0;
			defaultConfigurationName = Release;
		};
		8B91B4DD22271E2C00807E4D /* Build configuration list for PBXNativeTarget "Superheroes" */ = {
			isa = XCConfigurationList;
			buildConfigurations = (
				8B91B4DE22271E2C00807E4D /* Debug */,
				8B91B4DF22271E2C00807E4D /* Release */,
			);
			defaultConfigurationIsVisible = 0;
			defaultConfigurationName = Release;
		};
		8B91B4E022271E2C00807E4D /* Build configuration list for PBXNativeTarget "SuperheroesTests" */ = {
			isa = XCConfigurationList;
			buildConfigurations = (
				8B91B4E122271E2C00807E4D /* Debug */,
				8B91B4E222271E2C00807E4D /* Release */,
			);
			defaultConfigurationIsVisible = 0;
			defaultConfigurationName = Release;
		};
		8B91B4E322271E2C00807E4D /* Build configuration list for PBXNativeTarget "SuperheroesUITests" */ = {
			isa = XCConfigurationList;
			buildConfigurations = (
				8B91B4E422271E2C00807E4D /* Debug */,
				8B91B4E522271E2C00807E4D /* Release */,
			);
			defaultConfigurationIsVisible = 0;
			defaultConfigurationName = Release;
		};
/* End XCConfigurationList section */
	};
	rootObject = 8B91B4AD22271E2B00807E4D /* Project object */;
}
